
Microsoft Visual Studio Solution File, Format Version 12.00
# Visual Studio 15
VisualStudioVersion = 15.0.26124.0
MinimumVisualStudioVersion = 15.0.26124.0
Project("{9A19103F-16F7-4668-BE54-9A1E7A4F7556}") = "FreeSql", "FreeSql\FreeSql.csproj", "{AF9C50EC-6EB6-494B-9B3B-7EDBA6FD0EBB}"
EndProject
Project("{9A19103F-16F7-4668-BE54-9A1E7A4F7556}") = "FreeSql.Tests", "FreeSql.Tests\FreeSql.Tests.csproj", "{AA88EB04-4788-4180-AE68-7FA5ED17D98C}"
EndProject
Project("{2150E333-8FDC-42A3-9474-1A3956D46DE8}") = "Docs", "Docs", "{C6A74E2A-6660-473D-8852-B1D8348DB4E9}"
	ProjectSection(SolutionItems) = preProject
		readme.md = readme.md
	EndProjectSection
EndProject
Project("{9A19103F-16F7-4668-BE54-9A1E7A4F7556}") = "FreeSql.Tests.PerformanceTests", "FreeSql.Tests.PerformanceTests\FreeSql.Tests.PerformanceTests.csproj", "{446D9CBE-BFE4-4FB3-ADFD-4C1C5EA1B6EE}"
EndProject
Project("{9A19103F-16F7-4668-BE54-9A1E7A4F7556}") = "FreeSql.Extensions.EFCoreModelBuilder", "FreeSql.Extensions.EFCoreModelBuilder\FreeSql.Extensions.EFCoreModelBuilder.csproj", "{490CC8AF-C47C-4139-AED7-4FB6502F622B}"
EndProject
Project("{2150E333-8FDC-42A3-9474-1A3956D46DE8}") = "Examples", "Examples", "{94C8A78D-AA15-47B2-A348-530CD86BFC1B}"
EndProject
Project("{9A19103F-16F7-4668-BE54-9A1E7A4F7556}") = "restful", "Examples\restful\restful.csproj", "{83D10565-AF9D-4EDC-8FB8-8C962A843F97}"
EndProject
Project("{9A19103F-16F7-4668-BE54-9A1E7A4F7556}") = "efcore_to_freesql", "Examples\efcore_to_freesql\efcore_to_freesql.csproj", "{B93981B8-3295-4EDD-B314-BCA77B6BF37A}"
EndProject
Project("{9A19103F-16F7-4668-BE54-9A1E7A4F7556}") = "orm_vs", "Examples\orm_vs\orm_vs.csproj", "{1A5EC2EB-8C2B-4547-8AC6-EB5C0DE0CA81}"
EndProject
Global
	GlobalSection(SolutionConfigurationPlatforms) = preSolution
		Debug|Any CPU = Debug|Any CPU
		Debug|x64 = Debug|x64
		Debug|x86 = Debug|x86
		Release|Any CPU = Release|Any CPU
		Release|x64 = Release|x64
		Release|x86 = Release|x86
	EndGlobalSection
	GlobalSection(ProjectConfigurationPlatforms) = postSolution
		{AF9C50EC-6EB6-494B-9B3B-7EDBA6FD0EBB}.Debug|Any CPU.ActiveCfg = Debug|Any CPU
		{AF9C50EC-6EB6-494B-9B3B-7EDBA6FD0EBB}.Debug|Any CPU.Build.0 = Debug|Any CPU
		{AF9C50EC-6EB6-494B-9B3B-7EDBA6FD0EBB}.Debug|x64.ActiveCfg = Debug|Any CPU
		{AF9C50EC-6EB6-494B-9B3B-7EDBA6FD0EBB}.Debug|x64.Build.0 = Debug|Any CPU
		{AF9C50EC-6EB6-494B-9B3B-7EDBA6FD0EBB}.Debug|x86.ActiveCfg = Debug|Any CPU
		{AF9C50EC-6EB6-494B-9B3B-7EDBA6FD0EBB}.Debug|x86.Build.0 = Debug|Any CPU
		{AF9C50EC-6EB6-494B-9B3B-7EDBA6FD0EBB}.Release|Any CPU.ActiveCfg = Release|Any CPU
		{AF9C50EC-6EB6-494B-9B3B-7EDBA6FD0EBB}.Release|Any CPU.Build.0 = Release|Any CPU
		{AF9C50EC-6EB6-494B-9B3B-7EDBA6FD0EBB}.Release|x64.ActiveCfg = Release|Any CPU
		{AF9C50EC-6EB6-494B-9B3B-7EDBA6FD0EBB}.Release|x64.Build.0 = Release|Any CPU
		{AF9C50EC-6EB6-494B-9B3B-7EDBA6FD0EBB}.Release|x86.ActiveCfg = Release|Any CPU
		{AF9C50EC-6EB6-494B-9B3B-7EDBA6FD0EBB}.Release|x86.Build.0 = Release|Any CPU
		{AA88EB04-4788-4180-AE68-7FA5ED17D98C}.Debug|Any CPU.ActiveCfg = Debug|Any CPU
		{AA88EB04-4788-4180-AE68-7FA5ED17D98C}.Debug|Any CPU.Build.0 = Debug|Any CPU
		{AA88EB04-4788-4180-AE68-7FA5ED17D98C}.Debug|x64.ActiveCfg = Debug|Any CPU
		{AA88EB04-4788-4180-AE68-7FA5ED17D98C}.Debug|x64.Build.0 = Debug|Any CPU
		{AA88EB04-4788-4180-AE68-7FA5ED17D98C}.Debug|x86.ActiveCfg = Debug|Any CPU
		{AA88EB04-4788-4180-AE68-7FA5ED17D98C}.Debug|x86.Build.0 = Debug|Any CPU
		{AA88EB04-4788-4180-AE68-7FA5ED17D98C}.Release|Any CPU.ActiveCfg = Release|Any CPU
		{AA88EB04-4788-4180-AE68-7FA5ED17D98C}.Release|Any CPU.Build.0 = Release|Any CPU
		{AA88EB04-4788-4180-AE68-7FA5ED17D98C}.Release|x64.ActiveCfg = Release|Any CPU
		{AA88EB04-4788-4180-AE68-7FA5ED17D98C}.Release|x64.Build.0 = Release|Any CPU
		{AA88EB04-4788-4180-AE68-7FA5ED17D98C}.Release|x86.ActiveCfg = Release|Any CPU
		{AA88EB04-4788-4180-AE68-7FA5ED17D98C}.Release|x86.Build.0 = Release|Any CPU
		{446D9CBE-BFE4-4FB3-ADFD-4C1C5EA1B6EE}.Debug|Any CPU.ActiveCfg = Debug|Any CPU
		{446D9CBE-BFE4-4FB3-ADFD-4C1C5EA1B6EE}.Debug|Any CPU.Build.0 = Debug|Any CPU
		{446D9CBE-BFE4-4FB3-ADFD-4C1C5EA1B6EE}.Debug|x64.ActiveCfg = Debug|Any CPU
		{446D9CBE-BFE4-4FB3-ADFD-4C1C5EA1B6EE}.Debug|x64.Build.0 = Debug|Any CPU
		{446D9CBE-BFE4-4FB3-ADFD-4C1C5EA1B6EE}.Debug|x86.ActiveCfg = Debug|Any CPU
		{446D9CBE-BFE4-4FB3-ADFD-4C1C5EA1B6EE}.Debug|x86.Build.0 = Debug|Any CPU
		{446D9CBE-BFE4-4FB3-ADFD-4C1C5EA1B6EE}.Release|Any CPU.ActiveCfg = Release|Any CPU
		{446D9CBE-BFE4-4FB3-ADFD-4C1C5EA1B6EE}.Release|Any CPU.Build.0 = Release|Any CPU
		{446D9CBE-BFE4-4FB3-ADFD-4C1C5EA1B6EE}.Release|x64.ActiveCfg = Release|Any CPU
		{446D9CBE-BFE4-4FB3-ADFD-4C1C5EA1B6EE}.Release|x64.Build.0 = Release|Any CPU
		{446D9CBE-BFE4-4FB3-ADFD-4C1C5EA1B6EE}.Release|x86.ActiveCfg = Release|Any CPU
		{446D9CBE-BFE4-4FB3-ADFD-4C1C5EA1B6EE}.Release|x86.Build.0 = Release|Any CPU
		{490CC8AF-C47C-4139-AED7-4FB6502F622B}.Debug|Any CPU.ActiveCfg = Debug|Any CPU
		{490CC8AF-C47C-4139-AED7-4FB6502F622B}.Debug|Any CPU.Build.0 = Debug|Any CPU
		{490CC8AF-C47C-4139-AED7-4FB6502F622B}.Debug|x64.ActiveCfg = Debug|Any CPU
		{490CC8AF-C47C-4139-AED7-4FB6502F622B}.Debug|x64.Build.0 = Debug|Any CPU
		{490CC8AF-C47C-4139-AED7-4FB6502F622B}.Debug|x86.ActiveCfg = Debug|Any CPU
		{490CC8AF-C47C-4139-AED7-4FB6502F622B}.Debug|x86.Build.0 = Debug|Any CPU
		{490CC8AF-C47C-4139-AED7-4FB6502F622B}.Release|Any CPU.ActiveCfg = Release|Any CPU
		{490CC8AF-C47C-4139-AED7-4FB6502F622B}.Release|Any CPU.Build.0 = Release|Any CPU
		{490CC8AF-C47C-4139-AED7-4FB6502F622B}.Release|x64.ActiveCfg = Release|Any CPU
		{490CC8AF-C47C-4139-AED7-4FB6502F622B}.Release|x64.Build.0 = Release|Any CPU
		{490CC8AF-C47C-4139-AED7-4FB6502F622B}.Release|x86.ActiveCfg = Release|Any CPU
		{490CC8AF-C47C-4139-AED7-4FB6502F622B}.Release|x86.Build.0 = Release|Any CPU
		{83D10565-AF9D-4EDC-8FB8-8C962A843F97}.Debug|Any CPU.ActiveCfg = Debug|Any CPU
		{83D10565-AF9D-4EDC-8FB8-8C962A843F97}.Debug|Any CPU.Build.0 = Debug|Any CPU
		{83D10565-AF9D-4EDC-8FB8-8C962A843F97}.Debug|x64.ActiveCfg = Debug|Any CPU
		{83D10565-AF9D-4EDC-8FB8-8C962A843F97}.Debug|x64.Build.0 = Debug|Any CPU
		{83D10565-AF9D-4EDC-8FB8-8C962A843F97}.Debug|x86.ActiveCfg = Debug|Any CPU
		{83D10565-AF9D-4EDC-8FB8-8C962A843F97}.Debug|x86.Build.0 = Debug|Any CPU
		{83D10565-AF9D-4EDC-8FB8-8C962A843F97}.Release|Any CPU.ActiveCfg = Release|Any CPU
		{83D10565-AF9D-4EDC-8FB8-8C962A843F97}.Release|Any CPU.Build.0 = Release|Any CPU
		{83D10565-AF9D-4EDC-8FB8-8C962A843F97}.Release|x64.ActiveCfg = Release|Any CPU
		{83D10565-AF9D-4EDC-8FB8-8C962A843F97}.Release|x64.Build.0 = Release|Any CPU
		{83D10565-AF9D-4EDC-8FB8-8C962A843F97}.Release|x86.ActiveCfg = Release|Any CPU
		{83D10565-AF9D-4EDC-8FB8-8C962A843F97}.Release|x86.Build.0 = Release|Any CPU
		{B93981B8-3295-4EDD-B314-BCA77B6BF37A}.Debug|Any CPU.ActiveCfg = Debug|Any CPU
		{B93981B8-3295-4EDD-B314-BCA77B6BF37A}.Debug|Any CPU.Build.0 = Debug|Any CPU
		{B93981B8-3295-4EDD-B314-BCA77B6BF37A}.Debug|x64.ActiveCfg = Debug|Any CPU
		{B93981B8-3295-4EDD-B314-BCA77B6BF37A}.Debug|x64.Build.0 = Debug|Any CPU
		{B93981B8-3295-4EDD-B314-BCA77B6BF37A}.Debug|x86.ActiveCfg = Debug|Any CPU
		{B93981B8-3295-4EDD-B314-BCA77B6BF37A}.Debug|x86.Build.0 = Debug|Any CPU
		{B93981B8-3295-4EDD-B314-BCA77B6BF37A}.Release|Any CPU.ActiveCfg = Release|Any CPU
		{B93981B8-3295-4EDD-B314-BCA77B6BF37A}.Release|Any CPU.Build.0 = Release|Any CPU
		{B93981B8-3295-4EDD-B314-BCA77B6BF37A}.Release|x64.ActiveCfg = Release|Any CPU
		{B93981B8-3295-4EDD-B314-BCA77B6BF37A}.Release|x64.Build.0 = Release|Any CPU
		{B93981B8-3295-4EDD-B314-BCA77B6BF37A}.Release|x86.ActiveCfg = Release|Any CPU
		{B93981B8-3295-4EDD-B314-BCA77B6BF37A}.Release|x86.Build.0 = Release|Any CPU
		{1A5EC2EB-8C2B-4547-8AC6-EB5C0DE0CA81}.Debug|Any CPU.ActiveCfg = Debug|Any CPU
		{1A5EC2EB-8C2B-4547-8AC6-EB5C0DE0CA81}.Debug|Any CPU.Build.0 = Debug|Any CPU
		{1A5EC2EB-8C2B-4547-8AC6-EB5C0DE0CA81}.Debug|x64.ActiveCfg = Debug|Any CPU
		{1A5EC2EB-8C2B-4547-8AC6-EB5C0DE0CA81}.Debug|x64.Build.0 = Debug|Any CPU
		{1A5EC2EB-8C2B-4547-8AC6-EB5C0DE0CA81}.Debug|x86.ActiveCfg = Debug|Any CPU
		{1A5EC2EB-8C2B-4547-8AC6-EB5C0DE0CA81}.Debug|x86.Build.0 = Debug|Any CPU
		{1A5EC2EB-8C2B-4547-8AC6-EB5C0DE0CA81}.Release|Any CPU.ActiveCfg = Release|Any CPU
		{1A5EC2EB-8C2B-4547-8AC6-EB5C0DE0CA81}.Release|Any CPU.Build.0 = Release|Any CPU
		{1A5EC2EB-8C2B-4547-8AC6-EB5C0DE0CA81}.Release|x64.ActiveCfg = Release|Any CPU
		{1A5EC2EB-8C2B-4547-8AC6-EB5C0DE0CA81}.Release|x64.Build.0 = Release|Any CPU
		{1A5EC2EB-8C2B-4547-8AC6-EB5C0DE0CA81}.Release|x86.ActiveCfg = Release|Any CPU
		{1A5EC2EB-8C2B-4547-8AC6-EB5C0DE0CA81}.Release|x86.Build.0 = Release|Any CPU
	EndGlobalSection
	GlobalSection(SolutionProperties) = preSolution
		HideSolutionNode = FALSE
	EndGlobalSection
	GlobalSection(NestedProjects) = preSolution
		{83D10565-AF9D-4EDC-8FB8-8C962A843F97} = {94C8A78D-AA15-47B2-A348-530CD86BFC1B}
		{B93981B8-3295-4EDD-B314-BCA77B6BF37A} = {94C8A78D-AA15-47B2-A348-530CD86BFC1B}
		{1A5EC2EB-8C2B-4547-8AC6-EB5C0DE0CA81} = {94C8A78D-AA15-47B2-A348-530CD86BFC1B}
	EndGlobalSection
	GlobalSection(ExtensibilityGlobals) = postSolution
		SolutionGuid = {089687FD-5D25-40AB-BA8A-A10D1E137F98}
	EndGlobalSection
EndGlobal
