
Microsoft Visual Studio Solution File, Format Version 12.00
# Visual Studio 15
VisualStudioVersion = 15.0.26124.0
MinimumVisualStudioVersion = 15.0.26124.0
Project("{9A19103F-16F7-4668-BE54-9A1E7A4F7556}") = "FreeSql", "FreeSql\FreeSql.csproj", "{AF9C50EC-6EB6-494B-9B3B-7EDBA6FD0EBB}"
EndProject
Project("{9A19103F-16F7-4668-BE54-9A1E7A4F7556}") = "FreeSql.Tests", "FreeSql.Tests\FreeSql.Tests.csproj", "{AA88EB04-4788-4180-AE68-7FA5ED17D98C}"
EndProject
Project("{2150E333-8FDC-42A3-9474-1A3956D46DE8}") = "Docs", "Docs", "{C6A74E2A-6660-473D-8852-B1D8348DB4E9}"
	ProjectSection(SolutionItems) = preProject
		Docs\codefirst.md = Docs\codefirst.md
		Docs\dbfirst.md = Docs\dbfirst.md
		Docs\delete.md = Docs\delete.md
		Docs\generator.md = Docs\generator.md
		Docs\insert.md = Docs\insert.md
		readme.md = readme.md
		Docs\select.md = Docs\select.md
		Docs\update.md = Docs\update.md
	EndProjectSection
EndProject
Project("{9A19103F-16F7-4668-BE54-9A1E7A4F7556}") = "xxx", "..\..\新建文件夹 (9)\xxx.csproj", "{6DC39740-0B26-4029-AB75-D436A7F666A2}"
EndProject
Project("{2150E333-8FDC-42A3-9474-1A3956D46DE8}") = "Examples", "Examples", "{492E3483-3DE2-4134-B481-9AE838B231FA}"
EndProject
Project("{2150E333-8FDC-42A3-9474-1A3956D46DE8}") = "website", "website", "{A42B81B8-550F-4A57-9C0D-BF1F565F9C0B}"
EndProject
Project("{9A19103F-16F7-4668-BE54-9A1E7A4F7556}") = "FreeSql.Site.UI", "Examples\website\FreeSql.Site.UI\FreeSql.Site.UI.csproj", "{6B896261-1204-4AC3-AAD6-6BE49CDFF116}"
EndProject
Project("{9A19103F-16F7-4668-BE54-9A1E7A4F7556}") = "FreeSql.Site.Entity", "Examples\website\FreeSql.Site.Entity\FreeSql.Site.Entity.csproj", "{1ED1539C-5229-443C-9CEE-F4D22CCD54D2}"
EndProject
Project("{9A19103F-16F7-4668-BE54-9A1E7A4F7556}") = "FreeSql.Site.DAL", "Examples\website\FreeSql.Site.DAL\FreeSql.Site.DAL.csproj", "{3F50F8D4-FC41-40A3-8D45-CB915C5406F3}"
EndProject
Global
	GlobalSection(SolutionConfigurationPlatforms) = preSolution
		Debug|Any CPU = Debug|Any CPU
		Debug|x64 = Debug|x64
		Debug|x86 = Debug|x86
		Release|Any CPU = Release|Any CPU
		Release|x64 = Release|x64
		Release|x86 = Release|x86
	EndGlobalSection
	GlobalSection(ProjectConfigurationPlatforms) = postSolution
		{AF9C50EC-6EB6-494B-9B3B-7EDBA6FD0EBB}.Debug|Any CPU.ActiveCfg = Debug|Any CPU
		{AF9C50EC-6EB6-494B-9B3B-7EDBA6FD0EBB}.Debug|Any CPU.Build.0 = Debug|Any CPU
		{AF9C50EC-6EB6-494B-9B3B-7EDBA6FD0EBB}.Debug|x64.ActiveCfg = Debug|Any CPU
		{AF9C50EC-6EB6-494B-9B3B-7EDBA6FD0EBB}.Debug|x64.Build.0 = Debug|Any CPU
		{AF9C50EC-6EB6-494B-9B3B-7EDBA6FD0EBB}.Debug|x86.ActiveCfg = Debug|Any CPU
		{AF9C50EC-6EB6-494B-9B3B-7EDBA6FD0EBB}.Debug|x86.Build.0 = Debug|Any CPU
		{AF9C50EC-6EB6-494B-9B3B-7EDBA6FD0EBB}.Release|Any CPU.ActiveCfg = Release|Any CPU
		{AF9C50EC-6EB6-494B-9B3B-7EDBA6FD0EBB}.Release|Any CPU.Build.0 = Release|Any CPU
		{AF9C50EC-6EB6-494B-9B3B-7EDBA6FD0EBB}.Release|x64.ActiveCfg = Release|Any CPU
		{AF9C50EC-6EB6-494B-9B3B-7EDBA6FD0EBB}.Release|x64.Build.0 = Release|Any CPU
		{AF9C50EC-6EB6-494B-9B3B-7EDBA6FD0EBB}.Release|x86.ActiveCfg = Release|Any CPU
		{AF9C50EC-6EB6-494B-9B3B-7EDBA6FD0EBB}.Release|x86.Build.0 = Release|Any CPU
		{AA88EB04-4788-4180-AE68-7FA5ED17D98C}.Debug|Any CPU.ActiveCfg = Debug|Any CPU
		{AA88EB04-4788-4180-AE68-7FA5ED17D98C}.Debug|Any CPU.Build.0 = Debug|Any CPU
		{AA88EB04-4788-4180-AE68-7FA5ED17D98C}.Debug|x64.ActiveCfg = Debug|Any CPU
		{AA88EB04-4788-4180-AE68-7FA5ED17D98C}.Debug|x64.Build.0 = Debug|Any CPU
		{AA88EB04-4788-4180-AE68-7FA5ED17D98C}.Debug|x86.ActiveCfg = Debug|Any CPU
		{AA88EB04-4788-4180-AE68-7FA5ED17D98C}.Debug|x86.Build.0 = Debug|Any CPU
		{AA88EB04-4788-4180-AE68-7FA5ED17D98C}.Release|Any CPU.ActiveCfg = Release|Any CPU
		{AA88EB04-4788-4180-AE68-7FA5ED17D98C}.Release|Any CPU.Build.0 = Release|Any CPU
		{AA88EB04-4788-4180-AE68-7FA5ED17D98C}.Release|x64.ActiveCfg = Release|Any CPU
		{AA88EB04-4788-4180-AE68-7FA5ED17D98C}.Release|x64.Build.0 = Release|Any CPU
		{AA88EB04-4788-4180-AE68-7FA5ED17D98C}.Release|x86.ActiveCfg = Release|Any CPU
		{AA88EB04-4788-4180-AE68-7FA5ED17D98C}.Release|x86.Build.0 = Release|Any CPU
		{6DC39740-0B26-4029-AB75-D436A7F666A2}.Debug|Any CPU.ActiveCfg = Debug|Any CPU
		{6DC39740-0B26-4029-AB75-D436A7F666A2}.Debug|Any CPU.Build.0 = Debug|Any CPU
		{6DC39740-0B26-4029-AB75-D436A7F666A2}.Debug|x64.ActiveCfg = Debug|Any CPU
		{6DC39740-0B26-4029-AB75-D436A7F666A2}.Debug|x64.Build.0 = Debug|Any CPU
		{6DC39740-0B26-4029-AB75-D436A7F666A2}.Debug|x86.ActiveCfg = Debug|Any CPU
		{6DC39740-0B26-4029-AB75-D436A7F666A2}.Debug|x86.Build.0 = Debug|Any CPU
		{6DC39740-0B26-4029-AB75-D436A7F666A2}.Release|Any CPU.ActiveCfg = Release|Any CPU
		{6DC39740-0B26-4029-AB75-D436A7F666A2}.Release|Any CPU.Build.0 = Release|Any CPU
		{6DC39740-0B26-4029-AB75-D436A7F666A2}.Release|x64.ActiveCfg = Release|Any CPU
		{6DC39740-0B26-4029-AB75-D436A7F666A2}.Release|x64.Build.0 = Release|Any CPU
		{6DC39740-0B26-4029-AB75-D436A7F666A2}.Release|x86.ActiveCfg = Release|Any CPU
		{6DC39740-0B26-4029-AB75-D436A7F666A2}.Release|x86.Build.0 = Release|Any CPU
		{6B896261-1204-4AC3-AAD6-6BE49CDFF116}.Debug|Any CPU.ActiveCfg = Debug|Any CPU
		{6B896261-1204-4AC3-AAD6-6BE49CDFF116}.Debug|Any CPU.Build.0 = Debug|Any CPU
		{6B896261-1204-4AC3-AAD6-6BE49CDFF116}.Debug|x64.ActiveCfg = Debug|Any CPU
		{6B896261-1204-4AC3-AAD6-6BE49CDFF116}.Debug|x64.Build.0 = Debug|Any CPU
		{6B896261-1204-4AC3-AAD6-6BE49CDFF116}.Debug|x86.ActiveCfg = Debug|Any CPU
		{6B896261-1204-4AC3-AAD6-6BE49CDFF116}.Debug|x86.Build.0 = Debug|Any CPU
		{6B896261-1204-4AC3-AAD6-6BE49CDFF116}.Release|Any CPU.ActiveCfg = Release|Any CPU
		{6B896261-1204-4AC3-AAD6-6BE49CDFF116}.Release|Any CPU.Build.0 = Release|Any CPU
		{6B896261-1204-4AC3-AAD6-6BE49CDFF116}.Release|x64.ActiveCfg = Release|Any CPU
		{6B896261-1204-4AC3-AAD6-6BE49CDFF116}.Release|x64.Build.0 = Release|Any CPU
		{6B896261-1204-4AC3-AAD6-6BE49CDFF116}.Release|x86.ActiveCfg = Release|Any CPU
		{6B896261-1204-4AC3-AAD6-6BE49CDFF116}.Release|x86.Build.0 = Release|Any CPU
		{1ED1539C-5229-443C-9CEE-F4D22CCD54D2}.Debug|Any CPU.ActiveCfg = Debug|Any CPU
		{1ED1539C-5229-443C-9CEE-F4D22CCD54D2}.Debug|Any CPU.Build.0 = Debug|Any CPU
		{1ED1539C-5229-443C-9CEE-F4D22CCD54D2}.Debug|x64.ActiveCfg = Debug|Any CPU
		{1ED1539C-5229-443C-9CEE-F4D22CCD54D2}.Debug|x64.Build.0 = Debug|Any CPU
		{1ED1539C-5229-443C-9CEE-F4D22CCD54D2}.Debug|x86.ActiveCfg = Debug|Any CPU
		{1ED1539C-5229-443C-9CEE-F4D22CCD54D2}.Debug|x86.Build.0 = Debug|Any CPU
		{1ED1539C-5229-443C-9CEE-F4D22CCD54D2}.Release|Any CPU.ActiveCfg = Release|Any CPU
		{1ED1539C-5229-443C-9CEE-F4D22CCD54D2}.Release|Any CPU.Build.0 = Release|Any CPU
		{1ED1539C-5229-443C-9CEE-F4D22CCD54D2}.Release|x64.ActiveCfg = Release|Any CPU
		{1ED1539C-5229-443C-9CEE-F4D22CCD54D2}.Release|x64.Build.0 = Release|Any CPU
		{1ED1539C-5229-443C-9CEE-F4D22CCD54D2}.Release|x86.ActiveCfg = Release|Any CPU
		{1ED1539C-5229-443C-9CEE-F4D22CCD54D2}.Release|x86.Build.0 = Release|Any CPU
		{3F50F8D4-FC41-40A3-8D45-CB915C5406F3}.Debug|Any CPU.ActiveCfg = Debug|Any CPU
		{3F50F8D4-FC41-40A3-8D45-CB915C5406F3}.Debug|Any CPU.Build.0 = Debug|Any CPU
		{3F50F8D4-FC41-40A3-8D45-CB915C5406F3}.Debug|x64.ActiveCfg = Debug|Any CPU
		{3F50F8D4-FC41-40A3-8D45-CB915C5406F3}.Debug|x64.Build.0 = Debug|Any CPU
		{3F50F8D4-FC41-40A3-8D45-CB915C5406F3}.Debug|x86.ActiveCfg = Debug|Any CPU
		{3F50F8D4-FC41-40A3-8D45-CB915C5406F3}.Debug|x86.Build.0 = Debug|Any CPU
		{3F50F8D4-FC41-40A3-8D45-CB915C5406F3}.Release|Any CPU.ActiveCfg = Release|Any CPU
		{3F50F8D4-FC41-40A3-8D45-CB915C5406F3}.Release|Any CPU.Build.0 = Release|Any CPU
		{3F50F8D4-FC41-40A3-8D45-CB915C5406F3}.Release|x64.ActiveCfg = Release|Any CPU
		{3F50F8D4-FC41-40A3-8D45-CB915C5406F3}.Release|x64.Build.0 = Release|Any CPU
		{3F50F8D4-FC41-40A3-8D45-CB915C5406F3}.Release|x86.ActiveCfg = Release|Any CPU
		{3F50F8D4-FC41-40A3-8D45-CB915C5406F3}.Release|x86.Build.0 = Release|Any CPU
	EndGlobalSection
	GlobalSection(SolutionProperties) = preSolution
		HideSolutionNode = FALSE
	EndGlobalSection
	GlobalSection(NestedProjects) = preSolution
		{A42B81B8-550F-4A57-9C0D-BF1F565F9C0B} = {492E3483-3DE2-4134-B481-9AE838B231FA}
		{6B896261-1204-4AC3-AAD6-6BE49CDFF116} = {A42B81B8-550F-4A57-9C0D-BF1F565F9C0B}
		{1ED1539C-5229-443C-9CEE-F4D22CCD54D2} = {A42B81B8-550F-4A57-9C0D-BF1F565F9C0B}
		{3F50F8D4-FC41-40A3-8D45-CB915C5406F3} = {A42B81B8-550F-4A57-9C0D-BF1F565F9C0B}
	EndGlobalSection
	GlobalSection(ExtensibilityGlobals) = postSolution
		SolutionGuid = {089687FD-5D25-40AB-BA8A-A10D1E137F98}
	EndGlobalSection
EndGlobal
