
Microsoft Visual Studio Solution File, Format Version 12.00
# Visual Studio Version 16
VisualStudioVersion = 16.0.29324.140
MinimumVisualStudioVersion = 15.0.26124.0
Project("{9A19103F-16F7-4668-BE54-9A1E7A4F7556}") = "FreeSql", "FreeSql\FreeSql.csproj", "{AF9C50EC-6EB6-494B-9B3B-7EDBA6FD0EBB}"
EndProject
Project("{2150E333-8FDC-42A3-9474-1A3956D46DE8}") = "Docs", "Docs", "{C6A74E2A-6660-473D-8852-B1D8348DB4E9}"
	ProjectSection(SolutionItems) = preProject
		readme.md = readme.md
		README.zh-CN.md = README.zh-CN.md
	EndProjectSection
EndProject
Project("{2150E333-8FDC-42A3-9474-1A3956D46DE8}") = "Examples", "Examples", "{94C8A78D-AA15-47B2-A348-530CD86BFC1B}"
EndProject
Project("{9A19103F-16F7-4668-BE54-9A1E7A4F7556}") = "restful", "Examples\restful\restful.csproj", "{83D10565-AF9D-4EDC-8FB8-8C962A843F97}"
EndProject
Project("{9A19103F-16F7-4668-BE54-9A1E7A4F7556}") = "efcore_to_freesql", "Examples\efcore_to_freesql\efcore_to_freesql.csproj", "{B93981B8-3295-4EDD-B314-BCA77B6BF37A}"
EndProject
Project("{9A19103F-16F7-4668-BE54-9A1E7A4F7556}") = "orm_vs", "Examples\orm_vs\orm_vs.csproj", "{1A5EC2EB-8C2B-4547-8AC6-EB5C0DE0CA81}"
EndProject
Project("{9A19103F-16F7-4668-BE54-9A1E7A4F7556}") = "benchmarker", "Examples\benchmarker\benchmarker.csproj", "{E7405816-F32A-4F3E-AD76-29129962C6AA}"
EndProject
Project("{2150E333-8FDC-42A3-9474-1A3956D46DE8}") = "Providers", "Providers", "{2A381C57-2697-427B-9F10-55DA11FD02E4}"
EndProject
Project("{9A19103F-16F7-4668-BE54-9A1E7A4F7556}") = "FreeSql.Provider.MySql", "Providers\FreeSql.Provider.MySql\FreeSql.Provider.MySql.csproj", "{28C6A39C-7AE7-4210-B7B0-0970216637A8}"
EndProject
Project("{9A19103F-16F7-4668-BE54-9A1E7A4F7556}") = "FreeSql.Provider.Oracle", "Providers\FreeSql.Provider.Oracle\FreeSql.Provider.Oracle.csproj", "{3DE45286-B0DB-4D74-B322-F5467FB2EF53}"
EndProject
Project("{9A19103F-16F7-4668-BE54-9A1E7A4F7556}") = "FreeSql.Provider.Sqlite", "Providers\FreeSql.Provider.Sqlite\FreeSql.Provider.Sqlite.csproj", "{559B6369-1868-4A06-A590-F80BA7B80A1B}"
EndProject
Project("{9A19103F-16F7-4668-BE54-9A1E7A4F7556}") = "FreeSql.Provider.SqlServer", "Providers\FreeSql.Provider.SqlServer\FreeSql.Provider.SqlServer.csproj", "{B61AAC9E-59E9-4F47-BBE3-97AC24112EFE}"
EndProject
Project("{9A19103F-16F7-4668-BE54-9A1E7A4F7556}") = "FreeSql.Provider.PostgreSQL", "Providers\FreeSql.Provider.PostgreSQL\FreeSql.Provider.PostgreSQL.csproj", "{22C0B061-F7CC-4A7F-AEC7-D4DBBE6B23B2}"
EndProject
Project("{2150E333-8FDC-42A3-9474-1A3956D46DE8}") = "Extensions", "Extensions", "{4A92E8A6-9A6D-41A1-9CDA-DE10899648AA}"
EndProject
Project("{9A19103F-16F7-4668-BE54-9A1E7A4F7556}") = "FreeSql.Extensions.LazyLoading", "Extensions\FreeSql.Extensions.LazyLoading\FreeSql.Extensions.LazyLoading.csproj", "{1FE00D5E-EC0F-4238-93EC-DABA26DBD1A9}"
EndProject
Project("{9A19103F-16F7-4668-BE54-9A1E7A4F7556}") = "FreeSql.Provider.MySqlConnector", "Providers\FreeSql.Provider.MySqlConnector\FreeSql.Provider.MySqlConnector.csproj", "{D2A41321-5E84-410B-B25C-3AA122D4CA27}"
EndProject
Project("{9A19103F-16F7-4668-BE54-9A1E7A4F7556}") = "dbcontext_01", "Examples\dbcontext_01\dbcontext_01.csproj", "{690F89E0-A721-423F-8F5D-D262F73235EA}"
EndProject
Project("{9A19103F-16F7-4668-BE54-9A1E7A4F7556}") = "repository_01", "Examples\repository_01\repository_01.csproj", "{4C0973CB-BD49-4A5B-A6FE-EE0594BDD513}"
EndProject
Project("{9A19103F-16F7-4668-BE54-9A1E7A4F7556}") = "FreeSql.Tests", "FreeSql.Tests\FreeSql.Tests\FreeSql.Tests.csproj", "{C98891E0-1C83-41F8-B36F-982B8DC45999}"
EndProject
Project("{9A19103F-16F7-4668-BE54-9A1E7A4F7556}") = "FreeSql.DbContext", "FreeSql.DbContext\FreeSql.DbContext.csproj", "{82885C27-23C8-4A6E-92CF-80FE61A041E1}"
EndProject
Project("{9A19103F-16F7-4668-BE54-9A1E7A4F7556}") = "FreeSql.Repository", "FreeSql.Repository\FreeSql.Repository.csproj", "{3B6887DA-A7E3-410A-B450-587F6B4923F7}"
EndProject
Project("{9A19103F-16F7-4668-BE54-9A1E7A4F7556}") = "FreeSql.Tests.DbContext", "FreeSql.Tests\FreeSql.Tests.DbContext\FreeSql.Tests.DbContext.csproj", "{11C37354-7AF1-4010-9BB6-43AA9CBA6291}"
EndProject
Project("{9A19103F-16F7-4668-BE54-9A1E7A4F7556}") = "FreeSql.Tests.PerformanceTests", "FreeSql.Tests\FreeSql.Tests.PerformanceTests\FreeSql.Tests.PerformanceTests.csproj", "{DFFD1206-A70A-493A-BE88-3131B800522E}"
EndProject
Project("{9A19103F-16F7-4668-BE54-9A1E7A4F7556}") = "FreeSql.Tests.Provider.MySqlConnector", "FreeSql.Tests\FreeSql.Tests.Provider.MySqlConnector\FreeSql.Tests.Provider.MySqlConnector.csproj", "{0F45294A-34FF-4FB8-A046-20E09E3A4D5C}"
EndProject
Project("{9A19103F-16F7-4668-BE54-9A1E7A4F7556}") = "base_entity", "Examples\base_entity\base_entity.csproj", "{D3A1869C-A8DE-46D0-8587-89EBBE3E4DD0}"
EndProject
Project("{9A19103F-16F7-4668-BE54-9A1E7A4F7556}") = "FreeSql.Extensions.BaseEntity", "Extensions\FreeSql.Extensions.BaseEntity\FreeSql.Extensions.BaseEntity.csproj", "{FE0CB06E-493F-4CE8-B2D7-BF48CA8015C6}"
EndProject
Project("{9A19103F-16F7-4668-BE54-9A1E7A4F7556}") = "FreeSql.Extensions.JsonMap", "Extensions\FreeSql.Extensions.JsonMap\FreeSql.Extensions.JsonMap.csproj", "{3043DEF1-85DF-47AD-8D5D-327270794356}"
EndProject
Project("{9A19103F-16F7-4668-BE54-9A1E7A4F7556}") = "FreeSql.Provider.Odbc", "Providers\FreeSql.Provider.Odbc\FreeSql.Provider.Odbc.csproj", "{C57444BA-8BF7-4790-A864-7F237123219B}"
EndProject
Project("{9A19103F-16F7-4668-BE54-9A1E7A4F7556}") = "FreeSql.Tests.Provider.Odbc", "FreeSql.Tests\FreeSql.Tests.Provider.Odbc\FreeSql.Tests.Provider.Odbc.csproj", "{FA5667B9-BA85-4970-8818-BF09DD8DA3B4}"
EndProject
Project("{FAE04EC0-301F-11D3-BF4B-00C04F79EFBC}") = "orm_vs_net40", "Examples\orm_vs_net40\orm_vs_net40.csproj", "{1674BCE3-EEB4-4003-A2A7-06F51EFAEA23}"
EndProject
Project("{9A19103F-16F7-4668-BE54-9A1E7A4F7556}") = "FreeSql.Generator", "Extensions\FreeSql.Generator\FreeSql.Generator.csproj", "{6A3A4470-7DF7-411B-AAD7-755D7A9DB5A4}"
EndProject
Project("{778DAE3C-4631-46EA-AA77-85C1314464D9}") = "FreeSql.Tests.VB", "FreeSql.Tests.VB\FreeSql.Tests.VB.vbproj", "{A4FB811A-15EF-4E4C-AC15-826F9BB44E2D}"
EndProject
Project("{9A19103F-16F7-4668-BE54-9A1E7A4F7556}") = "FreeSql.Provider.MsAccess", "Providers\FreeSql.Provider.MsAccess\FreeSql.Provider.MsAccess.csproj", "{B397A761-F646-41CF-A160-AB6C05DAF2FB}"
EndProject
Project("{9A19103F-16F7-4668-BE54-9A1E7A4F7556}") = "FreeSql.All", "FreeSql.All\FreeSql.All.csproj", "{933115AD-769C-4FBE-B000-2E8CF2292377}"
EndProject
Project("{9A19103F-16F7-4668-BE54-9A1E7A4F7556}") = "FreeSql.Extensions.Linq", "Extensions\FreeSql.Extensions.Linq\FreeSql.Extensions.Linq.csproj", "{57B3F5B0-D46A-4442-8EC6-9A9A784404B7}"
EndProject
Project("{9A19103F-16F7-4668-BE54-9A1E7A4F7556}") = "FreeSql.Provider.Dameng", "Providers\FreeSql.Provider.Dameng\FreeSql.Provider.Dameng.csproj", "{E74D90E8-1CBC-4677-817B-1CA05AB97937}"
EndProject
Project("{9A19103F-16F7-4668-BE54-9A1E7A4F7556}") = "aspnetcore_transaction", "Examples\aspnetcore_transaction\aspnetcore_transaction.csproj", "{07AB0B37-A8B1-4FB1-9259-7B804E369E36}"
EndProject
Project("{9A19103F-16F7-4668-BE54-9A1E7A4F7556}") = "FreeSql.Provider.ShenTong", "Providers\FreeSql.Provider.ShenTong\FreeSql.Provider.ShenTong.csproj", "{938173AF-157F-4040-AED3-171DA1809CAA}"
EndProject
Project("{9A19103F-16F7-4668-BE54-9A1E7A4F7556}") = "FreeSql.Tests.Provider.PostgreSQL.NetTopologySuite", "FreeSql.Tests\FreeSql.Tests.Provider.PostgreSQL.NetTopologySuite\FreeSql.Tests.Provider.PostgreSQL.NetTopologySuite.csproj", "{330F15A7-5089-456B-B553-A98B14DEB764}"
EndProject
Project("{9A19103F-16F7-4668-BE54-9A1E7A4F7556}") = "FreeSql.Provider.SqlServerForSystem", "Providers\FreeSql.Provider.SqlServerForSystem\FreeSql.Provider.SqlServerForSystem.csproj", "{3D2BD8EC-253A-437F-B4C8-74BC0D91429B}"
EndProject
Project("{9A19103F-16F7-4668-BE54-9A1E7A4F7556}") = "FreeSql.Provider.KingbaseES", "Providers\FreeSql.Provider.KingbaseES\FreeSql.Provider.KingbaseES.csproj", "{CDD6A896-F6DF-44CB-B430-06B383916EB0}"
EndProject
Project("{9A19103F-16F7-4668-BE54-9A1E7A4F7556}") = "FreeSql.Provider.Firebird", "Providers\FreeSql.Provider.Firebird\FreeSql.Provider.Firebird.csproj", "{101B11D2-7780-4E14-9B72-77F5D69B3DF9}"
EndProject
Project("{9A19103F-16F7-4668-BE54-9A1E7A4F7556}") = "FreeSql.Provider.Custom", "Providers\FreeSql.Provider.Custom\FreeSql.Provider.Custom.csproj", "{0DBAA21C-39B2-4AAD-A43D-88E67ED239D1}"
EndProject
Global
	GlobalSection(SolutionConfigurationPlatforms) = preSolution
		Debug|Any CPU = Debug|Any CPU
		Debug|x64 = Debug|x64
		Debug|x86 = Debug|x86
		Release|Any CPU = Release|Any CPU
		Release|x64 = Release|x64
		Release|x86 = Release|x86
	EndGlobalSection
	GlobalSection(ProjectConfigurationPlatforms) = postSolution
		{AF9C50EC-6EB6-494B-9B3B-7EDBA6FD0EBB}.Debug|Any CPU.ActiveCfg = Debug|Any CPU
		{AF9C50EC-6EB6-494B-9B3B-7EDBA6FD0EBB}.Debug|Any CPU.Build.0 = Debug|Any CPU
		{AF9C50EC-6EB6-494B-9B3B-7EDBA6FD0EBB}.Debug|x64.ActiveCfg = Debug|Any CPU
		{AF9C50EC-6EB6-494B-9B3B-7EDBA6FD0EBB}.Debug|x64.Build.0 = Debug|Any CPU
		{AF9C50EC-6EB6-494B-9B3B-7EDBA6FD0EBB}.Debug|x86.ActiveCfg = Debug|Any CPU
		{AF9C50EC-6EB6-494B-9B3B-7EDBA6FD0EBB}.Debug|x86.Build.0 = Debug|Any CPU
		{AF9C50EC-6EB6-494B-9B3B-7EDBA6FD0EBB}.Release|Any CPU.ActiveCfg = Release|Any CPU
		{AF9C50EC-6EB6-494B-9B3B-7EDBA6FD0EBB}.Release|Any CPU.Build.0 = Release|Any CPU
		{AF9C50EC-6EB6-494B-9B3B-7EDBA6FD0EBB}.Release|x64.ActiveCfg = Release|Any CPU
		{AF9C50EC-6EB6-494B-9B3B-7EDBA6FD0EBB}.Release|x64.Build.0 = Release|Any CPU
		{AF9C50EC-6EB6-494B-9B3B-7EDBA6FD0EBB}.Release|x86.ActiveCfg = Release|Any CPU
		{AF9C50EC-6EB6-494B-9B3B-7EDBA6FD0EBB}.Release|x86.Build.0 = Release|Any CPU
		{83D10565-AF9D-4EDC-8FB8-8C962A843F97}.Debug|Any CPU.ActiveCfg = Debug|Any CPU
		{83D10565-AF9D-4EDC-8FB8-8C962A843F97}.Debug|Any CPU.Build.0 = Debug|Any CPU
		{83D10565-AF9D-4EDC-8FB8-8C962A843F97}.Debug|x64.ActiveCfg = Debug|Any CPU
		{83D10565-AF9D-4EDC-8FB8-8C962A843F97}.Debug|x64.Build.0 = Debug|Any CPU
		{83D10565-AF9D-4EDC-8FB8-8C962A843F97}.Debug|x86.ActiveCfg = Debug|Any CPU
		{83D10565-AF9D-4EDC-8FB8-8C962A843F97}.Debug|x86.Build.0 = Debug|Any CPU
		{83D10565-AF9D-4EDC-8FB8-8C962A843F97}.Release|Any CPU.ActiveCfg = Release|Any CPU
		{83D10565-AF9D-4EDC-8FB8-8C962A843F97}.Release|Any CPU.Build.0 = Release|Any CPU
		{83D10565-AF9D-4EDC-8FB8-8C962A843F97}.Release|x64.ActiveCfg = Release|Any CPU
		{83D10565-AF9D-4EDC-8FB8-8C962A843F97}.Release|x64.Build.0 = Release|Any CPU
		{83D10565-AF9D-4EDC-8FB8-8C962A843F97}.Release|x86.ActiveCfg = Release|Any CPU
		{83D10565-AF9D-4EDC-8FB8-8C962A843F97}.Release|x86.Build.0 = Release|Any CPU
		{B93981B8-3295-4EDD-B314-BCA77B6BF37A}.Debug|Any CPU.ActiveCfg = Debug|Any CPU
		{B93981B8-3295-4EDD-B314-BCA77B6BF37A}.Debug|Any CPU.Build.0 = Debug|Any CPU
		{B93981B8-3295-4EDD-B314-BCA77B6BF37A}.Debug|x64.ActiveCfg = Debug|Any CPU
		{B93981B8-3295-4EDD-B314-BCA77B6BF37A}.Debug|x64.Build.0 = Debug|Any CPU
		{B93981B8-3295-4EDD-B314-BCA77B6BF37A}.Debug|x86.ActiveCfg = Debug|Any CPU
		{B93981B8-3295-4EDD-B314-BCA77B6BF37A}.Debug|x86.Build.0 = Debug|Any CPU
		{B93981B8-3295-4EDD-B314-BCA77B6BF37A}.Release|Any CPU.ActiveCfg = Release|Any CPU
		{B93981B8-3295-4EDD-B314-BCA77B6BF37A}.Release|Any CPU.Build.0 = Release|Any CPU
		{B93981B8-3295-4EDD-B314-BCA77B6BF37A}.Release|x64.ActiveCfg = Release|Any CPU
		{B93981B8-3295-4EDD-B314-BCA77B6BF37A}.Release|x64.Build.0 = Release|Any CPU
		{B93981B8-3295-4EDD-B314-BCA77B6BF37A}.Release|x86.ActiveCfg = Release|Any CPU
		{B93981B8-3295-4EDD-B314-BCA77B6BF37A}.Release|x86.Build.0 = Release|Any CPU
		{1A5EC2EB-8C2B-4547-8AC6-EB5C0DE0CA81}.Debug|Any CPU.ActiveCfg = Debug|Any CPU
		{1A5EC2EB-8C2B-4547-8AC6-EB5C0DE0CA81}.Debug|Any CPU.Build.0 = Debug|Any CPU
		{1A5EC2EB-8C2B-4547-8AC6-EB5C0DE0CA81}.Debug|x64.ActiveCfg = Debug|Any CPU
		{1A5EC2EB-8C2B-4547-8AC6-EB5C0DE0CA81}.Debug|x64.Build.0 = Debug|Any CPU
		{1A5EC2EB-8C2B-4547-8AC6-EB5C0DE0CA81}.Debug|x86.ActiveCfg = Debug|Any CPU
		{1A5EC2EB-8C2B-4547-8AC6-EB5C0DE0CA81}.Debug|x86.Build.0 = Debug|Any CPU
		{1A5EC2EB-8C2B-4547-8AC6-EB5C0DE0CA81}.Release|Any CPU.ActiveCfg = Release|Any CPU
		{1A5EC2EB-8C2B-4547-8AC6-EB5C0DE0CA81}.Release|Any CPU.Build.0 = Release|Any CPU
		{1A5EC2EB-8C2B-4547-8AC6-EB5C0DE0CA81}.Release|x64.ActiveCfg = Release|Any CPU
		{1A5EC2EB-8C2B-4547-8AC6-EB5C0DE0CA81}.Release|x64.Build.0 = Release|Any CPU
		{1A5EC2EB-8C2B-4547-8AC6-EB5C0DE0CA81}.Release|x86.ActiveCfg = Release|Any CPU
		{1A5EC2EB-8C2B-4547-8AC6-EB5C0DE0CA81}.Release|x86.Build.0 = Release|Any CPU
		{E7405816-F32A-4F3E-AD76-29129962C6AA}.Debug|Any CPU.ActiveCfg = Debug|Any CPU
		{E7405816-F32A-4F3E-AD76-29129962C6AA}.Debug|Any CPU.Build.0 = Debug|Any CPU
		{E7405816-F32A-4F3E-AD76-29129962C6AA}.Debug|x64.ActiveCfg = Debug|Any CPU
		{E7405816-F32A-4F3E-AD76-29129962C6AA}.Debug|x64.Build.0 = Debug|Any CPU
		{E7405816-F32A-4F3E-AD76-29129962C6AA}.Debug|x86.ActiveCfg = Debug|Any CPU
		{E7405816-F32A-4F3E-AD76-29129962C6AA}.Debug|x86.Build.0 = Debug|Any CPU
		{E7405816-F32A-4F3E-AD76-29129962C6AA}.Release|Any CPU.ActiveCfg = Release|Any CPU
		{E7405816-F32A-4F3E-AD76-29129962C6AA}.Release|Any CPU.Build.0 = Release|Any CPU
		{E7405816-F32A-4F3E-AD76-29129962C6AA}.Release|x64.ActiveCfg = Release|Any CPU
		{E7405816-F32A-4F3E-AD76-29129962C6AA}.Release|x64.Build.0 = Release|Any CPU
		{E7405816-F32A-4F3E-AD76-29129962C6AA}.Release|x86.ActiveCfg = Release|Any CPU
		{E7405816-F32A-4F3E-AD76-29129962C6AA}.Release|x86.Build.0 = Release|Any CPU
		{28C6A39C-7AE7-4210-B7B0-0970216637A8}.Debug|Any CPU.ActiveCfg = Debug|Any CPU
		{28C6A39C-7AE7-4210-B7B0-0970216637A8}.Debug|Any CPU.Build.0 = Debug|Any CPU
		{28C6A39C-7AE7-4210-B7B0-0970216637A8}.Debug|x64.ActiveCfg = Debug|Any CPU
		{28C6A39C-7AE7-4210-B7B0-0970216637A8}.Debug|x64.Build.0 = Debug|Any CPU
		{28C6A39C-7AE7-4210-B7B0-0970216637A8}.Debug|x86.ActiveCfg = Debug|Any CPU
		{28C6A39C-7AE7-4210-B7B0-0970216637A8}.Debug|x86.Build.0 = Debug|Any CPU
		{28C6A39C-7AE7-4210-B7B0-0970216637A8}.Release|Any CPU.ActiveCfg = Release|Any CPU
		{28C6A39C-7AE7-4210-B7B0-0970216637A8}.Release|Any CPU.Build.0 = Release|Any CPU
		{28C6A39C-7AE7-4210-B7B0-0970216637A8}.Release|x64.ActiveCfg = Release|Any CPU
		{28C6A39C-7AE7-4210-B7B0-0970216637A8}.Release|x64.Build.0 = Release|Any CPU
		{28C6A39C-7AE7-4210-B7B0-0970216637A8}.Release|x86.ActiveCfg = Release|Any CPU
		{28C6A39C-7AE7-4210-B7B0-0970216637A8}.Release|x86.Build.0 = Release|Any CPU
		{3DE45286-B0DB-4D74-B322-F5467FB2EF53}.Debug|Any CPU.ActiveCfg = Debug|Any CPU
		{3DE45286-B0DB-4D74-B322-F5467FB2EF53}.Debug|Any CPU.Build.0 = Debug|Any CPU
		{3DE45286-B0DB-4D74-B322-F5467FB2EF53}.Debug|x64.ActiveCfg = Debug|Any CPU
		{3DE45286-B0DB-4D74-B322-F5467FB2EF53}.Debug|x64.Build.0 = Debug|Any CPU
		{3DE45286-B0DB-4D74-B322-F5467FB2EF53}.Debug|x86.ActiveCfg = Debug|Any CPU
		{3DE45286-B0DB-4D74-B322-F5467FB2EF53}.Debug|x86.Build.0 = Debug|Any CPU
		{3DE45286-B0DB-4D74-B322-F5467FB2EF53}.Release|Any CPU.ActiveCfg = Release|Any CPU
		{3DE45286-B0DB-4D74-B322-F5467FB2EF53}.Release|Any CPU.Build.0 = Release|Any CPU
		{3DE45286-B0DB-4D74-B322-F5467FB2EF53}.Release|x64.ActiveCfg = Release|Any CPU
		{3DE45286-B0DB-4D74-B322-F5467FB2EF53}.Release|x64.Build.0 = Release|Any CPU
		{3DE45286-B0DB-4D74-B322-F5467FB2EF53}.Release|x86.ActiveCfg = Release|Any CPU
		{3DE45286-B0DB-4D74-B322-F5467FB2EF53}.Release|x86.Build.0 = Release|Any CPU
		{559B6369-1868-4A06-A590-F80BA7B80A1B}.Debug|Any CPU.ActiveCfg = Debug|Any CPU
		{559B6369-1868-4A06-A590-F80BA7B80A1B}.Debug|Any CPU.Build.0 = Debug|Any CPU
		{559B6369-1868-4A06-A590-F80BA7B80A1B}.Debug|x64.ActiveCfg = Debug|Any CPU
		{559B6369-1868-4A06-A590-F80BA7B80A1B}.Debug|x64.Build.0 = Debug|Any CPU
		{559B6369-1868-4A06-A590-F80BA7B80A1B}.Debug|x86.ActiveCfg = Debug|Any CPU
		{559B6369-1868-4A06-A590-F80BA7B80A1B}.Debug|x86.Build.0 = Debug|Any CPU
		{559B6369-1868-4A06-A590-F80BA7B80A1B}.Release|Any CPU.ActiveCfg = Release|Any CPU
		{559B6369-1868-4A06-A590-F80BA7B80A1B}.Release|Any CPU.Build.0 = Release|Any CPU
		{559B6369-1868-4A06-A590-F80BA7B80A1B}.Release|x64.ActiveCfg = Release|Any CPU
		{559B6369-1868-4A06-A590-F80BA7B80A1B}.Release|x64.Build.0 = Release|Any CPU
		{559B6369-1868-4A06-A590-F80BA7B80A1B}.Release|x86.ActiveCfg = Release|Any CPU
		{559B6369-1868-4A06-A590-F80BA7B80A1B}.Release|x86.Build.0 = Release|Any CPU
		{B61AAC9E-59E9-4F47-BBE3-97AC24112EFE}.Debug|Any CPU.ActiveCfg = Debug|Any CPU
		{B61AAC9E-59E9-4F47-BBE3-97AC24112EFE}.Debug|Any CPU.Build.0 = Debug|Any CPU
		{B61AAC9E-59E9-4F47-BBE3-97AC24112EFE}.Debug|x64.ActiveCfg = Debug|Any CPU
		{B61AAC9E-59E9-4F47-BBE3-97AC24112EFE}.Debug|x64.Build.0 = Debug|Any CPU
		{B61AAC9E-59E9-4F47-BBE3-97AC24112EFE}.Debug|x86.ActiveCfg = Debug|Any CPU
		{B61AAC9E-59E9-4F47-BBE3-97AC24112EFE}.Debug|x86.Build.0 = Debug|Any CPU
		{B61AAC9E-59E9-4F47-BBE3-97AC24112EFE}.Release|Any CPU.ActiveCfg = Release|Any CPU
		{B61AAC9E-59E9-4F47-BBE3-97AC24112EFE}.Release|Any CPU.Build.0 = Release|Any CPU
		{B61AAC9E-59E9-4F47-BBE3-97AC24112EFE}.Release|x64.ActiveCfg = Release|Any CPU
		{B61AAC9E-59E9-4F47-BBE3-97AC24112EFE}.Release|x64.Build.0 = Release|Any CPU
		{B61AAC9E-59E9-4F47-BBE3-97AC24112EFE}.Release|x86.ActiveCfg = Release|Any CPU
		{B61AAC9E-59E9-4F47-BBE3-97AC24112EFE}.Release|x86.Build.0 = Release|Any CPU
		{22C0B061-F7CC-4A7F-AEC7-D4DBBE6B23B2}.Debug|Any CPU.ActiveCfg = Debug|Any CPU
		{22C0B061-F7CC-4A7F-AEC7-D4DBBE6B23B2}.Debug|Any CPU.Build.0 = Debug|Any CPU
		{22C0B061-F7CC-4A7F-AEC7-D4DBBE6B23B2}.Debug|x64.ActiveCfg = Debug|Any CPU
		{22C0B061-F7CC-4A7F-AEC7-D4DBBE6B23B2}.Debug|x64.Build.0 = Debug|Any CPU
		{22C0B061-F7CC-4A7F-AEC7-D4DBBE6B23B2}.Debug|x86.ActiveCfg = Debug|Any CPU
		{22C0B061-F7CC-4A7F-AEC7-D4DBBE6B23B2}.Debug|x86.Build.0 = Debug|Any CPU
		{22C0B061-F7CC-4A7F-AEC7-D4DBBE6B23B2}.Release|Any CPU.ActiveCfg = Release|Any CPU
		{22C0B061-F7CC-4A7F-AEC7-D4DBBE6B23B2}.Release|Any CPU.Build.0 = Release|Any CPU
		{22C0B061-F7CC-4A7F-AEC7-D4DBBE6B23B2}.Release|x64.ActiveCfg = Release|Any CPU
		{22C0B061-F7CC-4A7F-AEC7-D4DBBE6B23B2}.Release|x64.Build.0 = Release|Any CPU
		{22C0B061-F7CC-4A7F-AEC7-D4DBBE6B23B2}.Release|x86.ActiveCfg = Release|Any CPU
		{22C0B061-F7CC-4A7F-AEC7-D4DBBE6B23B2}.Release|x86.Build.0 = Release|Any CPU
		{1FE00D5E-EC0F-4238-93EC-DABA26DBD1A9}.Debug|Any CPU.ActiveCfg = Debug|Any CPU
		{1FE00D5E-EC0F-4238-93EC-DABA26DBD1A9}.Debug|Any CPU.Build.0 = Debug|Any CPU
		{1FE00D5E-EC0F-4238-93EC-DABA26DBD1A9}.Debug|x64.ActiveCfg = Debug|Any CPU
		{1FE00D5E-EC0F-4238-93EC-DABA26DBD1A9}.Debug|x64.Build.0 = Debug|Any CPU
		{1FE00D5E-EC0F-4238-93EC-DABA26DBD1A9}.Debug|x86.ActiveCfg = Debug|Any CPU
		{1FE00D5E-EC0F-4238-93EC-DABA26DBD1A9}.Debug|x86.Build.0 = Debug|Any CPU
		{1FE00D5E-EC0F-4238-93EC-DABA26DBD1A9}.Release|Any CPU.ActiveCfg = Release|Any CPU
		{1FE00D5E-EC0F-4238-93EC-DABA26DBD1A9}.Release|Any CPU.Build.0 = Release|Any CPU
		{1FE00D5E-EC0F-4238-93EC-DABA26DBD1A9}.Release|x64.ActiveCfg = Release|Any CPU
		{1FE00D5E-EC0F-4238-93EC-DABA26DBD1A9}.Release|x64.Build.0 = Release|Any CPU
		{1FE00D5E-EC0F-4238-93EC-DABA26DBD1A9}.Release|x86.ActiveCfg = Release|Any CPU
		{1FE00D5E-EC0F-4238-93EC-DABA26DBD1A9}.Release|x86.Build.0 = Release|Any CPU
		{D2A41321-5E84-410B-B25C-3AA122D4CA27}.Debug|Any CPU.ActiveCfg = Debug|Any CPU
		{D2A41321-5E84-410B-B25C-3AA122D4CA27}.Debug|Any CPU.Build.0 = Debug|Any CPU
		{D2A41321-5E84-410B-B25C-3AA122D4CA27}.Debug|x64.ActiveCfg = Debug|Any CPU
		{D2A41321-5E84-410B-B25C-3AA122D4CA27}.Debug|x64.Build.0 = Debug|Any CPU
		{D2A41321-5E84-410B-B25C-3AA122D4CA27}.Debug|x86.ActiveCfg = Debug|Any CPU
		{D2A41321-5E84-410B-B25C-3AA122D4CA27}.Debug|x86.Build.0 = Debug|Any CPU
		{D2A41321-5E84-410B-B25C-3AA122D4CA27}.Release|Any CPU.ActiveCfg = Release|Any CPU
		{D2A41321-5E84-410B-B25C-3AA122D4CA27}.Release|Any CPU.Build.0 = Release|Any CPU
		{D2A41321-5E84-410B-B25C-3AA122D4CA27}.Release|x64.ActiveCfg = Release|Any CPU
		{D2A41321-5E84-410B-B25C-3AA122D4CA27}.Release|x64.Build.0 = Release|Any CPU
		{D2A41321-5E84-410B-B25C-3AA122D4CA27}.Release|x86.ActiveCfg = Release|Any CPU
		{D2A41321-5E84-410B-B25C-3AA122D4CA27}.Release|x86.Build.0 = Release|Any CPU
		{690F89E0-A721-423F-8F5D-D262F73235EA}.Debug|Any CPU.ActiveCfg = Debug|Any CPU
		{690F89E0-A721-423F-8F5D-D262F73235EA}.Debug|Any CPU.Build.0 = Debug|Any CPU
		{690F89E0-A721-423F-8F5D-D262F73235EA}.Debug|x64.ActiveCfg = Debug|Any CPU
		{690F89E0-A721-423F-8F5D-D262F73235EA}.Debug|x64.Build.0 = Debug|Any CPU
		{690F89E0-A721-423F-8F5D-D262F73235EA}.Debug|x86.ActiveCfg = Debug|Any CPU
		{690F89E0-A721-423F-8F5D-D262F73235EA}.Debug|x86.Build.0 = Debug|Any CPU
		{690F89E0-A721-423F-8F5D-D262F73235EA}.Release|Any CPU.ActiveCfg = Release|Any CPU
		{690F89E0-A721-423F-8F5D-D262F73235EA}.Release|Any CPU.Build.0 = Release|Any CPU
		{690F89E0-A721-423F-8F5D-D262F73235EA}.Release|x64.ActiveCfg = Release|Any CPU
		{690F89E0-A721-423F-8F5D-D262F73235EA}.Release|x64.Build.0 = Release|Any CPU
		{690F89E0-A721-423F-8F5D-D262F73235EA}.Release|x86.ActiveCfg = Release|Any CPU
		{690F89E0-A721-423F-8F5D-D262F73235EA}.Release|x86.Build.0 = Release|Any CPU
		{4C0973CB-BD49-4A5B-A6FE-EE0594BDD513}.Debug|Any CPU.ActiveCfg = Debug|Any CPU
		{4C0973CB-BD49-4A5B-A6FE-EE0594BDD513}.Debug|Any CPU.Build.0 = Debug|Any CPU
		{4C0973CB-BD49-4A5B-A6FE-EE0594BDD513}.Debug|x64.ActiveCfg = Debug|Any CPU
		{4C0973CB-BD49-4A5B-A6FE-EE0594BDD513}.Debug|x64.Build.0 = Debug|Any CPU
		{4C0973CB-BD49-4A5B-A6FE-EE0594BDD513}.Debug|x86.ActiveCfg = Debug|Any CPU
		{4C0973CB-BD49-4A5B-A6FE-EE0594BDD513}.Debug|x86.Build.0 = Debug|Any CPU
		{4C0973CB-BD49-4A5B-A6FE-EE0594BDD513}.Release|Any CPU.ActiveCfg = Release|Any CPU
		{4C0973CB-BD49-4A5B-A6FE-EE0594BDD513}.Release|Any CPU.Build.0 = Release|Any CPU
		{4C0973CB-BD49-4A5B-A6FE-EE0594BDD513}.Release|x64.ActiveCfg = Release|Any CPU
		{4C0973CB-BD49-4A5B-A6FE-EE0594BDD513}.Release|x64.Build.0 = Release|Any CPU
		{4C0973CB-BD49-4A5B-A6FE-EE0594BDD513}.Release|x86.ActiveCfg = Release|Any CPU
		{4C0973CB-BD49-4A5B-A6FE-EE0594BDD513}.Release|x86.Build.0 = Release|Any CPU
		{C98891E0-1C83-41F8-B36F-982B8DC45999}.Debug|Any CPU.ActiveCfg = Debug|Any CPU
		{C98891E0-1C83-41F8-B36F-982B8DC45999}.Debug|Any CPU.Build.0 = Debug|Any CPU
		{C98891E0-1C83-41F8-B36F-982B8DC45999}.Debug|x64.ActiveCfg = Debug|Any CPU
		{C98891E0-1C83-41F8-B36F-982B8DC45999}.Debug|x64.Build.0 = Debug|Any CPU
		{C98891E0-1C83-41F8-B36F-982B8DC45999}.Debug|x86.ActiveCfg = Debug|Any CPU
		{C98891E0-1C83-41F8-B36F-982B8DC45999}.Debug|x86.Build.0 = Debug|Any CPU
		{C98891E0-1C83-41F8-B36F-982B8DC45999}.Release|Any CPU.ActiveCfg = Release|Any CPU
		{C98891E0-1C83-41F8-B36F-982B8DC45999}.Release|Any CPU.Build.0 = Release|Any CPU
		{C98891E0-1C83-41F8-B36F-982B8DC45999}.Release|x64.ActiveCfg = Release|Any CPU
		{C98891E0-1C83-41F8-B36F-982B8DC45999}.Release|x64.Build.0 = Release|Any CPU
		{C98891E0-1C83-41F8-B36F-982B8DC45999}.Release|x86.ActiveCfg = Release|Any CPU
		{C98891E0-1C83-41F8-B36F-982B8DC45999}.Release|x86.Build.0 = Release|Any CPU
		{82885C27-23C8-4A6E-92CF-80FE61A041E1}.Debug|Any CPU.ActiveCfg = Debug|Any CPU
		{82885C27-23C8-4A6E-92CF-80FE61A041E1}.Debug|Any CPU.Build.0 = Debug|Any CPU
		{82885C27-23C8-4A6E-92CF-80FE61A041E1}.Debug|x64.ActiveCfg = Debug|Any CPU
		{82885C27-23C8-4A6E-92CF-80FE61A041E1}.Debug|x64.Build.0 = Debug|Any CPU
		{82885C27-23C8-4A6E-92CF-80FE61A041E1}.Debug|x86.ActiveCfg = Debug|Any CPU
		{82885C27-23C8-4A6E-92CF-80FE61A041E1}.Debug|x86.Build.0 = Debug|Any CPU
		{82885C27-23C8-4A6E-92CF-80FE61A041E1}.Release|Any CPU.ActiveCfg = Release|Any CPU
		{82885C27-23C8-4A6E-92CF-80FE61A041E1}.Release|Any CPU.Build.0 = Release|Any CPU
		{82885C27-23C8-4A6E-92CF-80FE61A041E1}.Release|x64.ActiveCfg = Release|Any CPU
		{82885C27-23C8-4A6E-92CF-80FE61A041E1}.Release|x64.Build.0 = Release|Any CPU
		{82885C27-23C8-4A6E-92CF-80FE61A041E1}.Release|x86.ActiveCfg = Release|Any CPU
		{82885C27-23C8-4A6E-92CF-80FE61A041E1}.Release|x86.Build.0 = Release|Any CPU
		{3B6887DA-A7E3-410A-B450-587F6B4923F7}.Debug|Any CPU.ActiveCfg = Debug|Any CPU
		{3B6887DA-A7E3-410A-B450-587F6B4923F7}.Debug|Any CPU.Build.0 = Debug|Any CPU
		{3B6887DA-A7E3-410A-B450-587F6B4923F7}.Debug|x64.ActiveCfg = Debug|Any CPU
		{3B6887DA-A7E3-410A-B450-587F6B4923F7}.Debug|x64.Build.0 = Debug|Any CPU
		{3B6887DA-A7E3-410A-B450-587F6B4923F7}.Debug|x86.ActiveCfg = Debug|Any CPU
		{3B6887DA-A7E3-410A-B450-587F6B4923F7}.Debug|x86.Build.0 = Debug|Any CPU
		{3B6887DA-A7E3-410A-B450-587F6B4923F7}.Release|Any CPU.ActiveCfg = Release|Any CPU
		{3B6887DA-A7E3-410A-B450-587F6B4923F7}.Release|Any CPU.Build.0 = Release|Any CPU
		{3B6887DA-A7E3-410A-B450-587F6B4923F7}.Release|x64.ActiveCfg = Release|Any CPU
		{3B6887DA-A7E3-410A-B450-587F6B4923F7}.Release|x64.Build.0 = Release|Any CPU
		{3B6887DA-A7E3-410A-B450-587F6B4923F7}.Release|x86.ActiveCfg = Release|Any CPU
		{3B6887DA-A7E3-410A-B450-587F6B4923F7}.Release|x86.Build.0 = Release|Any CPU
		{11C37354-7AF1-4010-9BB6-43AA9CBA6291}.Debug|Any CPU.ActiveCfg = Debug|Any CPU
		{11C37354-7AF1-4010-9BB6-43AA9CBA6291}.Debug|Any CPU.Build.0 = Debug|Any CPU
		{11C37354-7AF1-4010-9BB6-43AA9CBA6291}.Debug|x64.ActiveCfg = Debug|Any CPU
		{11C37354-7AF1-4010-9BB6-43AA9CBA6291}.Debug|x64.Build.0 = Debug|Any CPU
		{11C37354-7AF1-4010-9BB6-43AA9CBA6291}.Debug|x86.ActiveCfg = Debug|Any CPU
		{11C37354-7AF1-4010-9BB6-43AA9CBA6291}.Debug|x86.Build.0 = Debug|Any CPU
		{11C37354-7AF1-4010-9BB6-43AA9CBA6291}.Release|Any CPU.ActiveCfg = Release|Any CPU
		{11C37354-7AF1-4010-9BB6-43AA9CBA6291}.Release|Any CPU.Build.0 = Release|Any CPU
		{11C37354-7AF1-4010-9BB6-43AA9CBA6291}.Release|x64.ActiveCfg = Release|Any CPU
		{11C37354-7AF1-4010-9BB6-43AA9CBA6291}.Release|x64.Build.0 = Release|Any CPU
		{11C37354-7AF1-4010-9BB6-43AA9CBA6291}.Release|x86.ActiveCfg = Release|Any CPU
		{11C37354-7AF1-4010-9BB6-43AA9CBA6291}.Release|x86.Build.0 = Release|Any CPU
		{DFFD1206-A70A-493A-BE88-3131B800522E}.Debug|Any CPU.ActiveCfg = Debug|Any CPU
		{DFFD1206-A70A-493A-BE88-3131B800522E}.Debug|Any CPU.Build.0 = Debug|Any CPU
		{DFFD1206-A70A-493A-BE88-3131B800522E}.Debug|x64.ActiveCfg = Debug|Any CPU
		{DFFD1206-A70A-493A-BE88-3131B800522E}.Debug|x64.Build.0 = Debug|Any CPU
		{DFFD1206-A70A-493A-BE88-3131B800522E}.Debug|x86.ActiveCfg = Debug|Any CPU
		{DFFD1206-A70A-493A-BE88-3131B800522E}.Debug|x86.Build.0 = Debug|Any CPU
		{DFFD1206-A70A-493A-BE88-3131B800522E}.Release|Any CPU.ActiveCfg = Release|Any CPU
		{DFFD1206-A70A-493A-BE88-3131B800522E}.Release|Any CPU.Build.0 = Release|Any CPU
		{DFFD1206-A70A-493A-BE88-3131B800522E}.Release|x64.ActiveCfg = Release|Any CPU
		{DFFD1206-A70A-493A-BE88-3131B800522E}.Release|x64.Build.0 = Release|Any CPU
		{DFFD1206-A70A-493A-BE88-3131B800522E}.Release|x86.ActiveCfg = Release|Any CPU
		{DFFD1206-A70A-493A-BE88-3131B800522E}.Release|x86.Build.0 = Release|Any CPU
		{0F45294A-34FF-4FB8-A046-20E09E3A4D5C}.Debug|Any CPU.ActiveCfg = Debug|Any CPU
		{0F45294A-34FF-4FB8-A046-20E09E3A4D5C}.Debug|Any CPU.Build.0 = Debug|Any CPU
		{0F45294A-34FF-4FB8-A046-20E09E3A4D5C}.Debug|x64.ActiveCfg = Debug|Any CPU
		{0F45294A-34FF-4FB8-A046-20E09E3A4D5C}.Debug|x64.Build.0 = Debug|Any CPU
		{0F45294A-34FF-4FB8-A046-20E09E3A4D5C}.Debug|x86.ActiveCfg = Debug|Any CPU
		{0F45294A-34FF-4FB8-A046-20E09E3A4D5C}.Debug|x86.Build.0 = Debug|Any CPU
		{0F45294A-34FF-4FB8-A046-20E09E3A4D5C}.Release|Any CPU.ActiveCfg = Release|Any CPU
		{0F45294A-34FF-4FB8-A046-20E09E3A4D5C}.Release|Any CPU.Build.0 = Release|Any CPU
		{0F45294A-34FF-4FB8-A046-20E09E3A4D5C}.Release|x64.ActiveCfg = Release|Any CPU
		{0F45294A-34FF-4FB8-A046-20E09E3A4D5C}.Release|x64.Build.0 = Release|Any CPU
		{0F45294A-34FF-4FB8-A046-20E09E3A4D5C}.Release|x86.ActiveCfg = Release|Any CPU
		{0F45294A-34FF-4FB8-A046-20E09E3A4D5C}.Release|x86.Build.0 = Release|Any CPU
		{D3A1869C-A8DE-46D0-8587-89EBBE3E4DD0}.Debug|Any CPU.ActiveCfg = Debug|Any CPU
		{D3A1869C-A8DE-46D0-8587-89EBBE3E4DD0}.Debug|Any CPU.Build.0 = Debug|Any CPU
		{D3A1869C-A8DE-46D0-8587-89EBBE3E4DD0}.Debug|x64.ActiveCfg = Debug|Any CPU
		{D3A1869C-A8DE-46D0-8587-89EBBE3E4DD0}.Debug|x64.Build.0 = Debug|Any CPU
		{D3A1869C-A8DE-46D0-8587-89EBBE3E4DD0}.Debug|x86.ActiveCfg = Debug|Any CPU
		{D3A1869C-A8DE-46D0-8587-89EBBE3E4DD0}.Debug|x86.Build.0 = Debug|Any CPU
		{D3A1869C-A8DE-46D0-8587-89EBBE3E4DD0}.Release|Any CPU.ActiveCfg = Release|Any CPU
		{D3A1869C-A8DE-46D0-8587-89EBBE3E4DD0}.Release|Any CPU.Build.0 = Release|Any CPU
		{D3A1869C-A8DE-46D0-8587-89EBBE3E4DD0}.Release|x64.ActiveCfg = Release|Any CPU
		{D3A1869C-A8DE-46D0-8587-89EBBE3E4DD0}.Release|x64.Build.0 = Release|Any CPU
		{D3A1869C-A8DE-46D0-8587-89EBBE3E4DD0}.Release|x86.ActiveCfg = Release|Any CPU
		{D3A1869C-A8DE-46D0-8587-89EBBE3E4DD0}.Release|x86.Build.0 = Release|Any CPU
		{FE0CB06E-493F-4CE8-B2D7-BF48CA8015C6}.Debug|Any CPU.ActiveCfg = Debug|Any CPU
		{FE0CB06E-493F-4CE8-B2D7-BF48CA8015C6}.Debug|Any CPU.Build.0 = Debug|Any CPU
		{FE0CB06E-493F-4CE8-B2D7-BF48CA8015C6}.Debug|x64.ActiveCfg = Debug|Any CPU
		{FE0CB06E-493F-4CE8-B2D7-BF48CA8015C6}.Debug|x64.Build.0 = Debug|Any CPU
		{FE0CB06E-493F-4CE8-B2D7-BF48CA8015C6}.Debug|x86.ActiveCfg = Debug|Any CPU
		{FE0CB06E-493F-4CE8-B2D7-BF48CA8015C6}.Debug|x86.Build.0 = Debug|Any CPU
		{FE0CB06E-493F-4CE8-B2D7-BF48CA8015C6}.Release|Any CPU.ActiveCfg = Release|Any CPU
		{FE0CB06E-493F-4CE8-B2D7-BF48CA8015C6}.Release|Any CPU.Build.0 = Release|Any CPU
		{FE0CB06E-493F-4CE8-B2D7-BF48CA8015C6}.Release|x64.ActiveCfg = Release|Any CPU
		{FE0CB06E-493F-4CE8-B2D7-BF48CA8015C6}.Release|x64.Build.0 = Release|Any CPU
		{FE0CB06E-493F-4CE8-B2D7-BF48CA8015C6}.Release|x86.ActiveCfg = Release|Any CPU
		{FE0CB06E-493F-4CE8-B2D7-BF48CA8015C6}.Release|x86.Build.0 = Release|Any CPU
		{3043DEF1-85DF-47AD-8D5D-327270794356}.Debug|Any CPU.ActiveCfg = Debug|Any CPU
		{3043DEF1-85DF-47AD-8D5D-327270794356}.Debug|Any CPU.Build.0 = Debug|Any CPU
		{3043DEF1-85DF-47AD-8D5D-327270794356}.Debug|x64.ActiveCfg = Debug|Any CPU
		{3043DEF1-85DF-47AD-8D5D-327270794356}.Debug|x64.Build.0 = Debug|Any CPU
		{3043DEF1-85DF-47AD-8D5D-327270794356}.Debug|x86.ActiveCfg = Debug|Any CPU
		{3043DEF1-85DF-47AD-8D5D-327270794356}.Debug|x86.Build.0 = Debug|Any CPU
		{3043DEF1-85DF-47AD-8D5D-327270794356}.Release|Any CPU.ActiveCfg = Release|Any CPU
		{3043DEF1-85DF-47AD-8D5D-327270794356}.Release|Any CPU.Build.0 = Release|Any CPU
		{3043DEF1-85DF-47AD-8D5D-327270794356}.Release|x64.ActiveCfg = Release|Any CPU
		{3043DEF1-85DF-47AD-8D5D-327270794356}.Release|x64.Build.0 = Release|Any CPU
		{3043DEF1-85DF-47AD-8D5D-327270794356}.Release|x86.ActiveCfg = Release|Any CPU
		{3043DEF1-85DF-47AD-8D5D-327270794356}.Release|x86.Build.0 = Release|Any CPU
		{C57444BA-8BF7-4790-A864-7F237123219B}.Debug|Any CPU.ActiveCfg = Debug|Any CPU
		{C57444BA-8BF7-4790-A864-7F237123219B}.Debug|Any CPU.Build.0 = Debug|Any CPU
		{C57444BA-8BF7-4790-A864-7F237123219B}.Debug|x64.ActiveCfg = Debug|Any CPU
		{C57444BA-8BF7-4790-A864-7F237123219B}.Debug|x64.Build.0 = Debug|Any CPU
		{C57444BA-8BF7-4790-A864-7F237123219B}.Debug|x86.ActiveCfg = Debug|Any CPU
		{C57444BA-8BF7-4790-A864-7F237123219B}.Debug|x86.Build.0 = Debug|Any CPU
		{C57444BA-8BF7-4790-A864-7F237123219B}.Release|Any CPU.ActiveCfg = Release|Any CPU
		{C57444BA-8BF7-4790-A864-7F237123219B}.Release|Any CPU.Build.0 = Release|Any CPU
		{C57444BA-8BF7-4790-A864-7F237123219B}.Release|x64.ActiveCfg = Release|Any CPU
		{C57444BA-8BF7-4790-A864-7F237123219B}.Release|x64.Build.0 = Release|Any CPU
		{C57444BA-8BF7-4790-A864-7F237123219B}.Release|x86.ActiveCfg = Release|Any CPU
		{C57444BA-8BF7-4790-A864-7F237123219B}.Release|x86.Build.0 = Release|Any CPU
		{FA5667B9-BA85-4970-8818-BF09DD8DA3B4}.Debug|Any CPU.ActiveCfg = Debug|Any CPU
		{FA5667B9-BA85-4970-8818-BF09DD8DA3B4}.Debug|Any CPU.Build.0 = Debug|Any CPU
		{FA5667B9-BA85-4970-8818-BF09DD8DA3B4}.Debug|x64.ActiveCfg = Debug|Any CPU
		{FA5667B9-BA85-4970-8818-BF09DD8DA3B4}.Debug|x64.Build.0 = Debug|Any CPU
		{FA5667B9-BA85-4970-8818-BF09DD8DA3B4}.Debug|x86.ActiveCfg = Debug|Any CPU
		{FA5667B9-BA85-4970-8818-BF09DD8DA3B4}.Debug|x86.Build.0 = Debug|Any CPU
		{FA5667B9-BA85-4970-8818-BF09DD8DA3B4}.Release|Any CPU.ActiveCfg = Release|Any CPU
		{FA5667B9-BA85-4970-8818-BF09DD8DA3B4}.Release|Any CPU.Build.0 = Release|Any CPU
		{FA5667B9-BA85-4970-8818-BF09DD8DA3B4}.Release|x64.ActiveCfg = Release|Any CPU
		{FA5667B9-BA85-4970-8818-BF09DD8DA3B4}.Release|x64.Build.0 = Release|Any CPU
		{FA5667B9-BA85-4970-8818-BF09DD8DA3B4}.Release|x86.ActiveCfg = Release|Any CPU
		{FA5667B9-BA85-4970-8818-BF09DD8DA3B4}.Release|x86.Build.0 = Release|Any CPU
		{1674BCE3-EEB4-4003-A2A7-06F51EFAEA23}.Debug|Any CPU.ActiveCfg = Debug|Any CPU
		{1674BCE3-EEB4-4003-A2A7-06F51EFAEA23}.Debug|Any CPU.Build.0 = Debug|Any CPU
		{1674BCE3-EEB4-4003-A2A7-06F51EFAEA23}.Debug|x64.ActiveCfg = Debug|Any CPU
		{1674BCE3-EEB4-4003-A2A7-06F51EFAEA23}.Debug|x64.Build.0 = Debug|Any CPU
		{1674BCE3-EEB4-4003-A2A7-06F51EFAEA23}.Debug|x86.ActiveCfg = Debug|Any CPU
		{1674BCE3-EEB4-4003-A2A7-06F51EFAEA23}.Debug|x86.Build.0 = Debug|Any CPU
		{1674BCE3-EEB4-4003-A2A7-06F51EFAEA23}.Release|Any CPU.ActiveCfg = Release|Any CPU
		{1674BCE3-EEB4-4003-A2A7-06F51EFAEA23}.Release|Any CPU.Build.0 = Release|Any CPU
		{1674BCE3-EEB4-4003-A2A7-06F51EFAEA23}.Release|x64.ActiveCfg = Release|Any CPU
		{1674BCE3-EEB4-4003-A2A7-06F51EFAEA23}.Release|x64.Build.0 = Release|Any CPU
		{1674BCE3-EEB4-4003-A2A7-06F51EFAEA23}.Release|x86.ActiveCfg = Release|Any CPU
		{1674BCE3-EEB4-4003-A2A7-06F51EFAEA23}.Release|x86.Build.0 = Release|Any CPU
		{6A3A4470-7DF7-411B-AAD7-755D7A9DB5A4}.Debug|Any CPU.ActiveCfg = Debug|Any CPU
		{6A3A4470-7DF7-411B-AAD7-755D7A9DB5A4}.Debug|Any CPU.Build.0 = Debug|Any CPU
		{6A3A4470-7DF7-411B-AAD7-755D7A9DB5A4}.Debug|x64.ActiveCfg = Debug|Any CPU
		{6A3A4470-7DF7-411B-AAD7-755D7A9DB5A4}.Debug|x64.Build.0 = Debug|Any CPU
		{6A3A4470-7DF7-411B-AAD7-755D7A9DB5A4}.Debug|x86.ActiveCfg = Debug|Any CPU
		{6A3A4470-7DF7-411B-AAD7-755D7A9DB5A4}.Debug|x86.Build.0 = Debug|Any CPU
		{6A3A4470-7DF7-411B-AAD7-755D7A9DB5A4}.Release|Any CPU.ActiveCfg = Release|Any CPU
		{6A3A4470-7DF7-411B-AAD7-755D7A9DB5A4}.Release|Any CPU.Build.0 = Release|Any CPU
		{6A3A4470-7DF7-411B-AAD7-755D7A9DB5A4}.Release|x64.ActiveCfg = Release|Any CPU
		{6A3A4470-7DF7-411B-AAD7-755D7A9DB5A4}.Release|x64.Build.0 = Release|Any CPU
		{6A3A4470-7DF7-411B-AAD7-755D7A9DB5A4}.Release|x86.ActiveCfg = Release|Any CPU
		{6A3A4470-7DF7-411B-AAD7-755D7A9DB5A4}.Release|x86.Build.0 = Release|Any CPU
		{A4FB811A-15EF-4E4C-AC15-826F9BB44E2D}.Debug|Any CPU.ActiveCfg = Debug|Any CPU
		{A4FB811A-15EF-4E4C-AC15-826F9BB44E2D}.Debug|Any CPU.Build.0 = Debug|Any CPU
		{A4FB811A-15EF-4E4C-AC15-826F9BB44E2D}.Debug|x64.ActiveCfg = Debug|Any CPU
		{A4FB811A-15EF-4E4C-AC15-826F9BB44E2D}.Debug|x64.Build.0 = Debug|Any CPU
		{A4FB811A-15EF-4E4C-AC15-826F9BB44E2D}.Debug|x86.ActiveCfg = Debug|Any CPU
		{A4FB811A-15EF-4E4C-AC15-826F9BB44E2D}.Debug|x86.Build.0 = Debug|Any CPU
		{A4FB811A-15EF-4E4C-AC15-826F9BB44E2D}.Release|Any CPU.ActiveCfg = Release|Any CPU
		{A4FB811A-15EF-4E4C-AC15-826F9BB44E2D}.Release|Any CPU.Build.0 = Release|Any CPU
		{A4FB811A-15EF-4E4C-AC15-826F9BB44E2D}.Release|x64.ActiveCfg = Release|Any CPU
		{A4FB811A-15EF-4E4C-AC15-826F9BB44E2D}.Release|x64.Build.0 = Release|Any CPU
		{A4FB811A-15EF-4E4C-AC15-826F9BB44E2D}.Release|x86.ActiveCfg = Release|Any CPU
		{A4FB811A-15EF-4E4C-AC15-826F9BB44E2D}.Release|x86.Build.0 = Release|Any CPU
		{B397A761-F646-41CF-A160-AB6C05DAF2FB}.Debug|Any CPU.ActiveCfg = Debug|Any CPU
		{B397A761-F646-41CF-A160-AB6C05DAF2FB}.Debug|Any CPU.Build.0 = Debug|Any CPU
		{B397A761-F646-41CF-A160-AB6C05DAF2FB}.Debug|x64.ActiveCfg = Debug|Any CPU
		{B397A761-F646-41CF-A160-AB6C05DAF2FB}.Debug|x64.Build.0 = Debug|Any CPU
		{B397A761-F646-41CF-A160-AB6C05DAF2FB}.Debug|x86.ActiveCfg = Debug|Any CPU
		{B397A761-F646-41CF-A160-AB6C05DAF2FB}.Debug|x86.Build.0 = Debug|Any CPU
		{B397A761-F646-41CF-A160-AB6C05DAF2FB}.Release|Any CPU.ActiveCfg = Release|Any CPU
		{B397A761-F646-41CF-A160-AB6C05DAF2FB}.Release|Any CPU.Build.0 = Release|Any CPU
		{B397A761-F646-41CF-A160-AB6C05DAF2FB}.Release|x64.ActiveCfg = Release|Any CPU
		{B397A761-F646-41CF-A160-AB6C05DAF2FB}.Release|x64.Build.0 = Release|Any CPU
		{B397A761-F646-41CF-A160-AB6C05DAF2FB}.Release|x86.ActiveCfg = Release|Any CPU
		{B397A761-F646-41CF-A160-AB6C05DAF2FB}.Release|x86.Build.0 = Release|Any CPU
		{933115AD-769C-4FBE-B000-2E8CF2292377}.Debug|Any CPU.ActiveCfg = Debug|Any CPU
		{933115AD-769C-4FBE-B000-2E8CF2292377}.Debug|Any CPU.Build.0 = Debug|Any CPU
		{933115AD-769C-4FBE-B000-2E8CF2292377}.Debug|x64.ActiveCfg = Debug|Any CPU
		{933115AD-769C-4FBE-B000-2E8CF2292377}.Debug|x64.Build.0 = Debug|Any CPU
		{933115AD-769C-4FBE-B000-2E8CF2292377}.Debug|x86.ActiveCfg = Debug|Any CPU
		{933115AD-769C-4FBE-B000-2E8CF2292377}.Debug|x86.Build.0 = Debug|Any CPU
		{933115AD-769C-4FBE-B000-2E8CF2292377}.Release|Any CPU.ActiveCfg = Release|Any CPU
		{933115AD-769C-4FBE-B000-2E8CF2292377}.Release|Any CPU.Build.0 = Release|Any CPU
		{933115AD-769C-4FBE-B000-2E8CF2292377}.Release|x64.ActiveCfg = Release|Any CPU
		{933115AD-769C-4FBE-B000-2E8CF2292377}.Release|x64.Build.0 = Release|Any CPU
		{933115AD-769C-4FBE-B000-2E8CF2292377}.Release|x86.ActiveCfg = Release|Any CPU
		{933115AD-769C-4FBE-B000-2E8CF2292377}.Release|x86.Build.0 = Release|Any CPU
		{57B3F5B0-D46A-4442-8EC6-9A9A784404B7}.Debug|Any CPU.ActiveCfg = Debug|Any CPU
		{57B3F5B0-D46A-4442-8EC6-9A9A784404B7}.Debug|Any CPU.Build.0 = Debug|Any CPU
		{57B3F5B0-D46A-4442-8EC6-9A9A784404B7}.Debug|x64.ActiveCfg = Debug|Any CPU
		{57B3F5B0-D46A-4442-8EC6-9A9A784404B7}.Debug|x64.Build.0 = Debug|Any CPU
		{57B3F5B0-D46A-4442-8EC6-9A9A784404B7}.Debug|x86.ActiveCfg = Debug|Any CPU
		{57B3F5B0-D46A-4442-8EC6-9A9A784404B7}.Debug|x86.Build.0 = Debug|Any CPU
		{57B3F5B0-D46A-4442-8EC6-9A9A784404B7}.Release|Any CPU.ActiveCfg = Release|Any CPU
		{57B3F5B0-D46A-4442-8EC6-9A9A784404B7}.Release|Any CPU.Build.0 = Release|Any CPU
		{57B3F5B0-D46A-4442-8EC6-9A9A784404B7}.Release|x64.ActiveCfg = Release|Any CPU
		{57B3F5B0-D46A-4442-8EC6-9A9A784404B7}.Release|x64.Build.0 = Release|Any CPU
		{57B3F5B0-D46A-4442-8EC6-9A9A784404B7}.Release|x86.ActiveCfg = Release|Any CPU
		{57B3F5B0-D46A-4442-8EC6-9A9A784404B7}.Release|x86.Build.0 = Release|Any CPU
		{E74D90E8-1CBC-4677-817B-1CA05AB97937}.Debug|Any CPU.ActiveCfg = Debug|Any CPU
		{E74D90E8-1CBC-4677-817B-1CA05AB97937}.Debug|Any CPU.Build.0 = Debug|Any CPU
		{E74D90E8-1CBC-4677-817B-1CA05AB97937}.Debug|x64.ActiveCfg = Debug|Any CPU
		{E74D90E8-1CBC-4677-817B-1CA05AB97937}.Debug|x64.Build.0 = Debug|Any CPU
		{E74D90E8-1CBC-4677-817B-1CA05AB97937}.Debug|x86.ActiveCfg = Debug|Any CPU
		{E74D90E8-1CBC-4677-817B-1CA05AB97937}.Debug|x86.Build.0 = Debug|Any CPU
		{E74D90E8-1CBC-4677-817B-1CA05AB97937}.Release|Any CPU.ActiveCfg = Release|Any CPU
		{E74D90E8-1CBC-4677-817B-1CA05AB97937}.Release|Any CPU.Build.0 = Release|Any CPU
		{E74D90E8-1CBC-4677-817B-1CA05AB97937}.Release|x64.ActiveCfg = Release|Any CPU
		{E74D90E8-1CBC-4677-817B-1CA05AB97937}.Release|x64.Build.0 = Release|Any CPU
		{E74D90E8-1CBC-4677-817B-1CA05AB97937}.Release|x86.ActiveCfg = Release|Any CPU
		{E74D90E8-1CBC-4677-817B-1CA05AB97937}.Release|x86.Build.0 = Release|Any CPU
		{07AB0B37-A8B1-4FB1-9259-7B804E369E36}.Debug|Any CPU.ActiveCfg = Debug|Any CPU
		{07AB0B37-A8B1-4FB1-9259-7B804E369E36}.Debug|Any CPU.Build.0 = Debug|Any CPU
		{07AB0B37-A8B1-4FB1-9259-7B804E369E36}.Debug|x64.ActiveCfg = Debug|Any CPU
		{07AB0B37-A8B1-4FB1-9259-7B804E369E36}.Debug|x64.Build.0 = Debug|Any CPU
		{07AB0B37-A8B1-4FB1-9259-7B804E369E36}.Debug|x86.ActiveCfg = Debug|Any CPU
		{07AB0B37-A8B1-4FB1-9259-7B804E369E36}.Debug|x86.Build.0 = Debug|Any CPU
		{07AB0B37-A8B1-4FB1-9259-7B804E369E36}.Release|Any CPU.ActiveCfg = Release|Any CPU
		{07AB0B37-A8B1-4FB1-9259-7B804E369E36}.Release|Any CPU.Build.0 = Release|Any CPU
		{07AB0B37-A8B1-4FB1-9259-7B804E369E36}.Release|x64.ActiveCfg = Release|Any CPU
		{07AB0B37-A8B1-4FB1-9259-7B804E369E36}.Release|x64.Build.0 = Release|Any CPU
		{07AB0B37-A8B1-4FB1-9259-7B804E369E36}.Release|x86.ActiveCfg = Release|Any CPU
		{07AB0B37-A8B1-4FB1-9259-7B804E369E36}.Release|x86.Build.0 = Release|Any CPU
		{938173AF-157F-4040-AED3-171DA1809CAA}.Debug|Any CPU.ActiveCfg = Debug|Any CPU
		{938173AF-157F-4040-AED3-171DA1809CAA}.Debug|Any CPU.Build.0 = Debug|Any CPU
		{938173AF-157F-4040-AED3-171DA1809CAA}.Debug|x64.ActiveCfg = Debug|Any CPU
		{938173AF-157F-4040-AED3-171DA1809CAA}.Debug|x64.Build.0 = Debug|Any CPU
		{938173AF-157F-4040-AED3-171DA1809CAA}.Debug|x86.ActiveCfg = Debug|Any CPU
		{938173AF-157F-4040-AED3-171DA1809CAA}.Debug|x86.Build.0 = Debug|Any CPU
		{938173AF-157F-4040-AED3-171DA1809CAA}.Release|Any CPU.ActiveCfg = Release|Any CPU
		{938173AF-157F-4040-AED3-171DA1809CAA}.Release|Any CPU.Build.0 = Release|Any CPU
		{938173AF-157F-4040-AED3-171DA1809CAA}.Release|x64.ActiveCfg = Release|Any CPU
		{938173AF-157F-4040-AED3-171DA1809CAA}.Release|x64.Build.0 = Release|Any CPU
		{938173AF-157F-4040-AED3-171DA1809CAA}.Release|x86.ActiveCfg = Release|Any CPU
		{938173AF-157F-4040-AED3-171DA1809CAA}.Release|x86.Build.0 = Release|Any CPU
		{330F15A7-5089-456B-B553-A98B14DEB764}.Debug|Any CPU.ActiveCfg = Debug|Any CPU
		{330F15A7-5089-456B-B553-A98B14DEB764}.Debug|Any CPU.Build.0 = Debug|Any CPU
		{330F15A7-5089-456B-B553-A98B14DEB764}.Debug|x64.ActiveCfg = Debug|Any CPU
		{330F15A7-5089-456B-B553-A98B14DEB764}.Debug|x64.Build.0 = Debug|Any CPU
		{330F15A7-5089-456B-B553-A98B14DEB764}.Debug|x86.ActiveCfg = Debug|Any CPU
		{330F15A7-5089-456B-B553-A98B14DEB764}.Debug|x86.Build.0 = Debug|Any CPU
		{330F15A7-5089-456B-B553-A98B14DEB764}.Release|Any CPU.ActiveCfg = Release|Any CPU
		{330F15A7-5089-456B-B553-A98B14DEB764}.Release|Any CPU.Build.0 = Release|Any CPU
		{330F15A7-5089-456B-B553-A98B14DEB764}.Release|x64.ActiveCfg = Release|Any CPU
		{330F15A7-5089-456B-B553-A98B14DEB764}.Release|x64.Build.0 = Release|Any CPU
		{330F15A7-5089-456B-B553-A98B14DEB764}.Release|x86.ActiveCfg = Release|Any CPU
		{330F15A7-5089-456B-B553-A98B14DEB764}.Release|x86.Build.0 = Release|Any CPU
		{3D2BD8EC-253A-437F-B4C8-74BC0D91429B}.Debug|Any CPU.ActiveCfg = Debug|Any CPU
		{3D2BD8EC-253A-437F-B4C8-74BC0D91429B}.Debug|Any CPU.Build.0 = Debug|Any CPU
		{3D2BD8EC-253A-437F-B4C8-74BC0D91429B}.Debug|x64.ActiveCfg = Debug|Any CPU
		{3D2BD8EC-253A-437F-B4C8-74BC0D91429B}.Debug|x64.Build.0 = Debug|Any CPU
		{3D2BD8EC-253A-437F-B4C8-74BC0D91429B}.Debug|x86.ActiveCfg = Debug|Any CPU
		{3D2BD8EC-253A-437F-B4C8-74BC0D91429B}.Debug|x86.Build.0 = Debug|Any CPU
		{3D2BD8EC-253A-437F-B4C8-74BC0D91429B}.Release|Any CPU.ActiveCfg = Release|Any CPU
		{3D2BD8EC-253A-437F-B4C8-74BC0D91429B}.Release|Any CPU.Build.0 = Release|Any CPU
		{3D2BD8EC-253A-437F-B4C8-74BC0D91429B}.Release|x64.ActiveCfg = Release|Any CPU
		{3D2BD8EC-253A-437F-B4C8-74BC0D91429B}.Release|x64.Build.0 = Release|Any CPU
		{3D2BD8EC-253A-437F-B4C8-74BC0D91429B}.Release|x86.ActiveCfg = Release|Any CPU
		{3D2BD8EC-253A-437F-B4C8-74BC0D91429B}.Release|x86.Build.0 = Release|Any CPU
		{CDD6A896-F6DF-44CB-B430-06B383916EB0}.Debug|Any CPU.ActiveCfg = Debug|Any CPU
		{CDD6A896-F6DF-44CB-B430-06B383916EB0}.Debug|Any CPU.Build.0 = Debug|Any CPU
		{CDD6A896-F6DF-44CB-B430-06B383916EB0}.Debug|x64.ActiveCfg = Debug|Any CPU
		{CDD6A896-F6DF-44CB-B430-06B383916EB0}.Debug|x64.Build.0 = Debug|Any CPU
		{CDD6A896-F6DF-44CB-B430-06B383916EB0}.Debug|x86.ActiveCfg = Debug|Any CPU
		{CDD6A896-F6DF-44CB-B430-06B383916EB0}.Debug|x86.Build.0 = Debug|Any CPU
		{CDD6A896-F6DF-44CB-B430-06B383916EB0}.Release|Any CPU.ActiveCfg = Release|Any CPU
		{CDD6A896-F6DF-44CB-B430-06B383916EB0}.Release|Any CPU.Build.0 = Release|Any CPU
		{CDD6A896-F6DF-44CB-B430-06B383916EB0}.Release|x64.ActiveCfg = Release|Any CPU
		{CDD6A896-F6DF-44CB-B430-06B383916EB0}.Release|x64.Build.0 = Release|Any CPU
		{CDD6A896-F6DF-44CB-B430-06B383916EB0}.Release|x86.ActiveCfg = Release|Any CPU
		{CDD6A896-F6DF-44CB-B430-06B383916EB0}.Release|x86.Build.0 = Release|Any CPU
		{101B11D2-7780-4E14-9B72-77F5D69B3DF9}.Debug|Any CPU.ActiveCfg = Debug|Any CPU
		{101B11D2-7780-4E14-9B72-77F5D69B3DF9}.Debug|Any CPU.Build.0 = Debug|Any CPU
		{101B11D2-7780-4E14-9B72-77F5D69B3DF9}.Debug|x64.ActiveCfg = Debug|Any CPU
		{101B11D2-7780-4E14-9B72-77F5D69B3DF9}.Debug|x64.Build.0 = Debug|Any CPU
		{101B11D2-7780-4E14-9B72-77F5D69B3DF9}.Debug|x86.ActiveCfg = Debug|Any CPU
		{101B11D2-7780-4E14-9B72-77F5D69B3DF9}.Debug|x86.Build.0 = Debug|Any CPU
		{101B11D2-7780-4E14-9B72-77F5D69B3DF9}.Release|Any CPU.ActiveCfg = Release|Any CPU
		{101B11D2-7780-4E14-9B72-77F5D69B3DF9}.Release|Any CPU.Build.0 = Release|Any CPU
		{101B11D2-7780-4E14-9B72-77F5D69B3DF9}.Release|x64.ActiveCfg = Release|Any CPU
		{101B11D2-7780-4E14-9B72-77F5D69B3DF9}.Release|x64.Build.0 = Release|Any CPU
		{101B11D2-7780-4E14-9B72-77F5D69B3DF9}.Release|x86.ActiveCfg = Release|Any CPU
		{101B11D2-7780-4E14-9B72-77F5D69B3DF9}.Release|x86.Build.0 = Release|Any CPU
		{0DBAA21C-39B2-4AAD-A43D-88E67ED239D1}.Debug|Any CPU.ActiveCfg = Debug|Any CPU
		{0DBAA21C-39B2-4AAD-A43D-88E67ED239D1}.Debug|Any CPU.Build.0 = Debug|Any CPU
		{0DBAA21C-39B2-4AAD-A43D-88E67ED239D1}.Debug|x64.ActiveCfg = Debug|Any CPU
		{0DBAA21C-39B2-4AAD-A43D-88E67ED239D1}.Debug|x64.Build.0 = Debug|Any CPU
		{0DBAA21C-39B2-4AAD-A43D-88E67ED239D1}.Debug|x86.ActiveCfg = Debug|Any CPU
		{0DBAA21C-39B2-4AAD-A43D-88E67ED239D1}.Debug|x86.Build.0 = Debug|Any CPU
		{0DBAA21C-39B2-4AAD-A43D-88E67ED239D1}.Release|Any CPU.ActiveCfg = Release|Any CPU
		{0DBAA21C-39B2-4AAD-A43D-88E67ED239D1}.Release|Any CPU.Build.0 = Release|Any CPU
		{0DBAA21C-39B2-4AAD-A43D-88E67ED239D1}.Release|x64.ActiveCfg = Release|Any CPU
		{0DBAA21C-39B2-4AAD-A43D-88E67ED239D1}.Release|x64.Build.0 = Release|Any CPU
		{0DBAA21C-39B2-4AAD-A43D-88E67ED239D1}.Release|x86.ActiveCfg = Release|Any CPU
		{0DBAA21C-39B2-4AAD-A43D-88E67ED239D1}.Release|x86.Build.0 = Release|Any CPU
	EndGlobalSection
	GlobalSection(SolutionProperties) = preSolution
		HideSolutionNode = FALSE
	EndGlobalSection
	GlobalSection(NestedProjects) = preSolution
		{83D10565-AF9D-4EDC-8FB8-8C962A843F97} = {94C8A78D-AA15-47B2-A348-530CD86BFC1B}
		{B93981B8-3295-4EDD-B314-BCA77B6BF37A} = {94C8A78D-AA15-47B2-A348-530CD86BFC1B}
		{1A5EC2EB-8C2B-4547-8AC6-EB5C0DE0CA81} = {94C8A78D-AA15-47B2-A348-530CD86BFC1B}
		{E7405816-F32A-4F3E-AD76-29129962C6AA} = {94C8A78D-AA15-47B2-A348-530CD86BFC1B}
		{28C6A39C-7AE7-4210-B7B0-0970216637A8} = {2A381C57-2697-427B-9F10-55DA11FD02E4}
		{3DE45286-B0DB-4D74-B322-F5467FB2EF53} = {2A381C57-2697-427B-9F10-55DA11FD02E4}
		{559B6369-1868-4A06-A590-F80BA7B80A1B} = {2A381C57-2697-427B-9F10-55DA11FD02E4}
		{B61AAC9E-59E9-4F47-BBE3-97AC24112EFE} = {2A381C57-2697-427B-9F10-55DA11FD02E4}
		{22C0B061-F7CC-4A7F-AEC7-D4DBBE6B23B2} = {2A381C57-2697-427B-9F10-55DA11FD02E4}
		{1FE00D5E-EC0F-4238-93EC-DABA26DBD1A9} = {4A92E8A6-9A6D-41A1-9CDA-DE10899648AA}
		{D2A41321-5E84-410B-B25C-3AA122D4CA27} = {2A381C57-2697-427B-9F10-55DA11FD02E4}
		{690F89E0-A721-423F-8F5D-D262F73235EA} = {94C8A78D-AA15-47B2-A348-530CD86BFC1B}
		{4C0973CB-BD49-4A5B-A6FE-EE0594BDD513} = {94C8A78D-AA15-47B2-A348-530CD86BFC1B}
		{D3A1869C-A8DE-46D0-8587-89EBBE3E4DD0} = {94C8A78D-AA15-47B2-A348-530CD86BFC1B}
		{FE0CB06E-493F-4CE8-B2D7-BF48CA8015C6} = {4A92E8A6-9A6D-41A1-9CDA-DE10899648AA}
		{3043DEF1-85DF-47AD-8D5D-327270794356} = {4A92E8A6-9A6D-41A1-9CDA-DE10899648AA}
		{C57444BA-8BF7-4790-A864-7F237123219B} = {2A381C57-2697-427B-9F10-55DA11FD02E4}
		{1674BCE3-EEB4-4003-A2A7-06F51EFAEA23} = {94C8A78D-AA15-47B2-A348-530CD86BFC1B}
		{6A3A4470-7DF7-411B-AAD7-755D7A9DB5A4} = {4A92E8A6-9A6D-41A1-9CDA-DE10899648AA}
		{B397A761-F646-41CF-A160-AB6C05DAF2FB} = {2A381C57-2697-427B-9F10-55DA11FD02E4}
		{57B3F5B0-D46A-4442-8EC6-9A9A784404B7} = {4A92E8A6-9A6D-41A1-9CDA-DE10899648AA}
		{E74D90E8-1CBC-4677-817B-1CA05AB97937} = {2A381C57-2697-427B-9F10-55DA11FD02E4}
		{07AB0B37-A8B1-4FB1-9259-7B804E369E36} = {94C8A78D-AA15-47B2-A348-530CD86BFC1B}
		{938173AF-157F-4040-AED3-171DA1809CAA} = {2A381C57-2697-427B-9F10-55DA11FD02E4}
		{3D2BD8EC-253A-437F-B4C8-74BC0D91429B} = {2A381C57-2697-427B-9F10-55DA11FD02E4}
		{CDD6A896-F6DF-44CB-B430-06B383916EB0} = {2A381C57-2697-427B-9F10-55DA11FD02E4}
		{101B11D2-7780-4E14-9B72-77F5D69B3DF9} = {2A381C57-2697-427B-9F10-55DA11FD02E4}
		{0DBAA21C-39B2-4AAD-A43D-88E67ED239D1} = {2A381C57-2697-427B-9F10-55DA11FD02E4}
	EndGlobalSection
	GlobalSection(ExtensibilityGlobals) = postSolution
		SolutionGuid = {089687FD-5D25-40AB-BA8A-A10D1E137F98}
	EndGlobalSection
EndGlobal
